// !$*UTF8*$!
{
	archiveVersion = 1;
	classes = {
	};
	objectVersion = 46;
	objects = {

/* Begin PBXBuildFile section */
		B2B31E5C4E30211FC85A4DB9 /* libPods.a in Frameworks */ = {isa = PBXBuildFile; fileRef = B1113560EAB34F926CF979D1 /* libPods.a */; };
		D30771821A869B06003BA7E1 /* num-01@2x.png in Resources */ = {isa = PBXBuildFile; fileRef = D307716C1A869B06003BA7E1 /* num-01@2x.png */; };
		D30771831A869B06003BA7E1 /* num-02@2x.png in Resources */ = {isa = PBXBuildFile; fileRef = D307716D1A869B06003BA7E1 /* num-02@2x.png */; };
		D30771841A869B06003BA7E1 /* num-03@2x.png in Resources */ = {isa = PBXBuildFile; fileRef = D307716E1A869B06003BA7E1 /* num-03@2x.png */; };
		D30771851A869B06003BA7E1 /* num-04@2x.png in Resources */ = {isa = PBXBuildFile; fileRef = D307716F1A869B06003BA7E1 /* num-04@2x.png */; };
		D30771861A869B06003BA7E1 /* num-05@2x.png in Resources */ = {isa = PBXBuildFile; fileRef = D30771701A869B06003BA7E1 /* num-05@2x.png */; };
		D30771871A869B06003BA7E1 /* num-06@2x.png in Resources */ = {isa = PBXBuildFile; fileRef = D30771711A869B06003BA7E1 /* num-06@2x.png */; };
		D30771881A869B06003BA7E1 /* num-07@2x.png in Resources */ = {isa = PBXBuildFile; fileRef = D30771721A869B06003BA7E1 /* num-07@2x.png */; };
		D30771891A869B06003BA7E1 /* num-08@2x.png in Resources */ = {isa = PBXBuildFile; fileRef = D30771731A869B06003BA7E1 /* num-08@2x.png */; };
		D307718A1A869B06003BA7E1 /* num-09@2x.png in Resources */ = {isa = PBXBuildFile; fileRef = D30771741A869B06003BA7E1 /* num-09@2x.png */; };
		D307718B1A869B06003BA7E1 /* num-10@2x.png in Resources */ = {isa = PBXBuildFile; fileRef = D30771751A869B06003BA7E1 /* num-10@2x.png */; };
		D307718C1A869B06003BA7E1 /* num-11@2x.png in Resources */ = {isa = PBXBuildFile; fileRef = D30771761A869B06003BA7E1 /* num-11@2x.png */; };
		D307718D1A869B06003BA7E1 /* num-12@2x.png in Resources */ = {isa = PBXBuildFile; fileRef = D30771771A869B06003BA7E1 /* num-12@2x.png */; };
		D307718E1A869B06003BA7E1 /* num-13@2x.png in Resources */ = {isa = PBXBuildFile; fileRef = D30771781A869B06003BA7E1 /* num-13@2x.png */; };
		D307718F1A869B06003BA7E1 /* num-14@2x.png in Resources */ = {isa = PBXBuildFile; fileRef = D30771791A869B06003BA7E1 /* num-14@2x.png */; };
		D30771901A869B06003BA7E1 /* num-15@2x.png in Resources */ = {isa = PBXBuildFile; fileRef = D307717A1A869B06003BA7E1 /* num-15@2x.png */; };
		D30771911A869B06003BA7E1 /* num-16@2x.png in Resources */ = {isa = PBXBuildFile; fileRef = D307717B1A869B06003BA7E1 /* num-16@2x.png */; };
		D30771921A869B06003BA7E1 /* num-17@2x.png in Resources */ = {isa = PBXBuildFile; fileRef = D307717C1A869B06003BA7E1 /* num-17@2x.png */; };
		D30771931A869B06003BA7E1 /* num-18@2x.png in Resources */ = {isa = PBXBuildFile; fileRef = D307717D1A869B06003BA7E1 /* num-18@2x.png */; };
		D30771941A869B06003BA7E1 /* num-19@2x.png in Resources */ = {isa = PBXBuildFile; fileRef = D307717E1A869B06003BA7E1 /* num-19@2x.png */; };
		D30771951A869B06003BA7E1 /* num-20@2x.png in Resources */ = {isa = PBXBuildFile; fileRef = D307717F1A869B06003BA7E1 /* num-20@2x.png */; };
		D30771961A869B06003BA7E1 /* num-21@2x.png in Resources */ = {isa = PBXBuildFile; fileRef = D30771801A869B06003BA7E1 /* num-21@2x.png */; };
		D30771971A869B06003BA7E1 /* num-22@2x.png in Resources */ = {isa = PBXBuildFile; fileRef = D30771811A869B06003BA7E1 /* num-22@2x.png */; };
		D307719A1A88001B003BA7E1 /* BCYStandardLibrary.swift in Sources */ = {isa = PBXBuildFile; fileRef = D30771991A88001B003BA7E1 /* BCYStandardLibrary.swift */; };
		D30E03581B20F24D0019914B /* MovieMaker.swift in Sources */ = {isa = PBXBuildFile; fileRef = D30E03571B20F24D0019914B /* MovieMaker.swift */; };
		D30E03591B20F24D0019914B /* MovieMaker.swift in Sources */ = {isa = PBXBuildFile; fileRef = D30E03571B20F24D0019914B /* MovieMaker.swift */; };
		D30E035B1B20F2ED0019914B /* CacheWheelState.swift in Sources */ = {isa = PBXBuildFile; fileRef = D30E035A1B20F2ED0019914B /* CacheWheelState.swift */; };
		D30E035C1B20F2ED0019914B /* CacheWheelState.swift in Sources */ = {isa = PBXBuildFile; fileRef = D30E035A1B20F2ED0019914B /* CacheWheelState.swift */; };
		D30EDFA61AD2F8C100E76327 /* SystemVersion.swift in Sources */ = {isa = PBXBuildFile; fileRef = D30EDFA51AD2F8C100E76327 /* SystemVersion.swift */; };
		D3141ECE1AB9F38D00780B72 /* ImageWheel.swift in Sources */ = {isa = PBXBuildFile; fileRef = D36DB7361AB7D03800F080C8 /* ImageWheel.swift */; };
		D31F389C1B2DF8CF0009E0B8 /* Int+Parity.swift in Sources */ = {isa = PBXBuildFile; fileRef = D31F389B1B2DF8CF0009E0B8 /* Int+Parity.swift */; };
		D31F389D1B2DF8CF0009E0B8 /* Int+Parity.swift in Sources */ = {isa = PBXBuildFile; fileRef = D31F389B1B2DF8CF0009E0B8 /* Int+Parity.swift */; };
		D31F95E11A2C5FE700219B32 /* ColorImage.swift in Sources */ = {isa = PBXBuildFile; fileRef = D31F95E01A2C5FE700219B32 /* ColorImage.swift */; };
		D3207F2E1ADAC00900ABE2FC /* UIImage+ImageEffects.m in Sources */ = {isa = PBXBuildFile; fileRef = D3207F2D1ADAC00900ABE2FC /* UIImage+ImageEffects.m */; };
		D32519341B0AA5B9007965DD /* BDYMovieMakerHelper.m in Sources */ = {isa = PBXBuildFile; fileRef = D32519331B0AA5B9007965DD /* BDYMovieMakerHelper.m */; };
		D32519351B0AA5B9007965DD /* BDYMovieMakerHelper.m in Sources */ = {isa = PBXBuildFile; fileRef = D32519331B0AA5B9007965DD /* BDYMovieMakerHelper.m */; };
		D32519361B0AB048007965DD /* Async.swift in Sources */ = {isa = PBXBuildFile; fileRef = D3864F581AF69FBE00B787B4 /* Async.swift */; };
		D32625911B2799D9002379C1 /* Revolution.swift in Sources */ = {isa = PBXBuildFile; fileRef = D32625901B2799D9002379C1 /* Revolution.swift */; };
		D328E50D1AF08DC000144E3B /* forward-lg.mp4 in Resources */ = {isa = PBXBuildFile; fileRef = D328E5091AF08DC000144E3B /* forward-lg.mp4 */; };
		D328E50E1AF08DC000144E3B /* forward.mp4 in Resources */ = {isa = PBXBuildFile; fileRef = D328E50A1AF08DC000144E3B /* forward.mp4 */; };
		D335409C1A3764E80064C81C /* Gavin Poses-s01.png in Resources */ = {isa = PBXBuildFile; fileRef = D335407E1A3764E80064C81C /* Gavin Poses-s01.png */; };
		D335409E1A3764E80064C81C /* Gavin Poses-s01@2x.png in Resources */ = {isa = PBXBuildFile; fileRef = D335407F1A3764E80064C81C /* Gavin Poses-s01@2x.png */; };
		D33540A01A3764E80064C81C /* Gavin Poses-s01@3x.png in Resources */ = {isa = PBXBuildFile; fileRef = D33540801A3764E80064C81C /* Gavin Poses-s01@3x.png */; };
		D33540A21A3764E80064C81C /* Gavin Poses-s02.png in Resources */ = {isa = PBXBuildFile; fileRef = D33540811A3764E80064C81C /* Gavin Poses-s02.png */; };
		D33540A41A3764E80064C81C /* Gavin Poses-s02@2x.png in Resources */ = {isa = PBXBuildFile; fileRef = D33540821A3764E80064C81C /* Gavin Poses-s02@2x.png */; };
		D33540A61A3764E80064C81C /* Gavin Poses-s02@3x.png in Resources */ = {isa = PBXBuildFile; fileRef = D33540831A3764E80064C81C /* Gavin Poses-s02@3x.png */; };
		D33540A81A3764E80064C81C /* Gavin Poses-s03.png in Resources */ = {isa = PBXBuildFile; fileRef = D33540841A3764E80064C81C /* Gavin Poses-s03.png */; };
		D33540AA1A3764E80064C81C /* Gavin Poses-s03@2x.png in Resources */ = {isa = PBXBuildFile; fileRef = D33540851A3764E80064C81C /* Gavin Poses-s03@2x.png */; };
		D33540AC1A3764E80064C81C /* Gavin Poses-s03@3x.png in Resources */ = {isa = PBXBuildFile; fileRef = D33540861A3764E80064C81C /* Gavin Poses-s03@3x.png */; };
		D33540AE1A3764E80064C81C /* Gavin Poses-s04.png in Resources */ = {isa = PBXBuildFile; fileRef = D33540871A3764E80064C81C /* Gavin Poses-s04.png */; };
		D33540B01A3764E80064C81C /* Gavin Poses-s04@2x.png in Resources */ = {isa = PBXBuildFile; fileRef = D33540881A3764E80064C81C /* Gavin Poses-s04@2x.png */; };
		D33540B21A3764E80064C81C /* Gavin Poses-s04@3x.png in Resources */ = {isa = PBXBuildFile; fileRef = D33540891A3764E80064C81C /* Gavin Poses-s04@3x.png */; };
		D33540B41A3764E80064C81C /* Gavin Poses-s05.png in Resources */ = {isa = PBXBuildFile; fileRef = D335408A1A3764E80064C81C /* Gavin Poses-s05.png */; };
		D33540B61A3764E80064C81C /* Gavin Poses-s05@2x.png in Resources */ = {isa = PBXBuildFile; fileRef = D335408B1A3764E80064C81C /* Gavin Poses-s05@2x.png */; };
		D33540B81A3764E80064C81C /* Gavin Poses-s05@3x.png in Resources */ = {isa = PBXBuildFile; fileRef = D335408C1A3764E80064C81C /* Gavin Poses-s05@3x.png */; };
		D33540BA1A3764E80064C81C /* Gavin Poses-s06.png in Resources */ = {isa = PBXBuildFile; fileRef = D335408D1A3764E80064C81C /* Gavin Poses-s06.png */; };
		D33540BC1A3764E80064C81C /* Gavin Poses-s06@2x.png in Resources */ = {isa = PBXBuildFile; fileRef = D335408E1A3764E80064C81C /* Gavin Poses-s06@2x.png */; };
		D33540BE1A3764E80064C81C /* Gavin Poses-s06@3x.png in Resources */ = {isa = PBXBuildFile; fileRef = D335408F1A3764E80064C81C /* Gavin Poses-s06@3x.png */; };
		D33540C01A3764E80064C81C /* Gavin Poses-s07.png in Resources */ = {isa = PBXBuildFile; fileRef = D33540901A3764E80064C81C /* Gavin Poses-s07.png */; };
		D33540C21A3764E80064C81C /* Gavin Poses-s07@2x.png in Resources */ = {isa = PBXBuildFile; fileRef = D33540911A3764E80064C81C /* Gavin Poses-s07@2x.png */; };
		D33540C41A3764E80064C81C /* Gavin Poses-s07@3x.png in Resources */ = {isa = PBXBuildFile; fileRef = D33540921A3764E80064C81C /* Gavin Poses-s07@3x.png */; };
		D33540C61A3764E80064C81C /* Gavin Poses-s08.png in Resources */ = {isa = PBXBuildFile; fileRef = D33540931A3764E80064C81C /* Gavin Poses-s08.png */; };
		D33540C81A3764E80064C81C /* Gavin Poses-s08@2x.png in Resources */ = {isa = PBXBuildFile; fileRef = D33540941A3764E80064C81C /* Gavin Poses-s08@2x.png */; };
		D33540CA1A3764E80064C81C /* Gavin Poses-s08@3x.png in Resources */ = {isa = PBXBuildFile; fileRef = D33540951A3764E80064C81C /* Gavin Poses-s08@3x.png */; };
		D33540CC1A3764E80064C81C /* Gavin Poses-s09.png in Resources */ = {isa = PBXBuildFile; fileRef = D33540961A3764E80064C81C /* Gavin Poses-s09.png */; };
		D33540CE1A3764E80064C81C /* Gavin Poses-s09@2x.png in Resources */ = {isa = PBXBuildFile; fileRef = D33540971A3764E80064C81C /* Gavin Poses-s09@2x.png */; };
		D33540D01A3764E80064C81C /* Gavin Poses-s09@3x.png in Resources */ = {isa = PBXBuildFile; fileRef = D33540981A3764E80064C81C /* Gavin Poses-s09@3x.png */; };
		D33540D21A3764E80064C81C /* Gavin Poses-s10.png in Resources */ = {isa = PBXBuildFile; fileRef = D33540991A3764E80064C81C /* Gavin Poses-s10.png */; };
		D33540D41A3764E80064C81C /* Gavin Poses-s10@2x.png in Resources */ = {isa = PBXBuildFile; fileRef = D335409A1A3764E80064C81C /* Gavin Poses-s10@2x.png */; };
		D33540D61A3764E80064C81C /* Gavin Poses-s10@3x.png in Resources */ = {isa = PBXBuildFile; fileRef = D335409B1A3764E80064C81C /* Gavin Poses-s10@3x.png */; };
		D341D23F1AC1FB24007D0593 /* Developement.swift in Sources */ = {isa = PBXBuildFile; fileRef = D341D23E1AC1FB24007D0593 /* Developement.swift */; };
		D347A2391B2C7D3100E5256C /* TimerViewController+Background.swift in Sources */ = {isa = PBXBuildFile; fileRef = D347A2381B2C7D3100E5256C /* TimerViewController+Background.swift */; };
		D3485C8519ECEEB900C6E495 /* Timer.swift in Sources */ = {isa = PBXBuildFile; fileRef = D3485C8419ECEEB900C6E495 /* Timer.swift */; };
		D34DC0561A0FF26000AA7420 /* Settings.bundle in Resources */ = {isa = PBXBuildFile; fileRef = D34DC0551A0FF26000AA7420 /* Settings.bundle */; };
		D34F10B91AAEA1D0009E2A9B /* WheelControl.swift in Sources */ = {isa = PBXBuildFile; fileRef = D34F10B81AAEA1D0009E2A9B /* WheelControl.swift */; };
		D34F10BC1AAEAE88009E2A9B /* WheelImage.png in Resources */ = {isa = PBXBuildFile; fileRef = D34F10BA1AAEAE88009E2A9B /* WheelImage.png */; };
		D34F10BD1AAEAE88009E2A9B /* WheelImageType.png in Resources */ = {isa = PBXBuildFile; fileRef = D34F10BB1AAEAE88009E2A9B /* WheelImageType.png */; };
		D35ED7B31AED6012001DFF20 /* VideoView.swift in Sources */ = {isa = PBXBuildFile; fileRef = D35ED7B21AED6012001DFF20 /* VideoView.swift */; };
		D37FBC771AF3308500381C7F /* WedgeImageView.swift in Sources */ = {isa = PBXBuildFile; fileRef = D37FBC761AF3308500381C7F /* WedgeImageView.swift */; };
		D37FBC811AF34DE100381C7F /* AppDelegate.swift in Sources */ = {isa = PBXBuildFile; fileRef = D37FBC801AF34DE100381C7F /* AppDelegate.swift */; };
		D37FBC831AF34DE100381C7F /* ViewController.swift in Sources */ = {isa = PBXBuildFile; fileRef = D37FBC821AF34DE100381C7F /* ViewController.swift */; };
		D37FBC861AF34DE100381C7F /* Main.storyboard in Resources */ = {isa = PBXBuildFile; fileRef = D37FBC841AF34DE100381C7F /* Main.storyboard */; };
		D37FBC881AF34DE100381C7F /* Images.xcassets in Resources */ = {isa = PBXBuildFile; fileRef = D37FBC871AF34DE100381C7F /* Images.xcassets */; };
		D37FBC8B1AF34DE100381C7F /* LaunchScreen.xib in Resources */ = {isa = PBXBuildFile; fileRef = D37FBC891AF34DE100381C7F /* LaunchScreen.xib */; };
		D37FBCA51AF34E5200381C7F /* Gavin Poses-s01.png in Resources */ = {isa = PBXBuildFile; fileRef = D335407E1A3764E80064C81C /* Gavin Poses-s01.png */; };
		D37FBCA61AF34E5200381C7F /* Gavin Poses-s01@2x.png in Resources */ = {isa = PBXBuildFile; fileRef = D335407F1A3764E80064C81C /* Gavin Poses-s01@2x.png */; };
		D37FBCA71AF34E5200381C7F /* Gavin Poses-s01@3x.png in Resources */ = {isa = PBXBuildFile; fileRef = D33540801A3764E80064C81C /* Gavin Poses-s01@3x.png */; };
		D37FBCA81AF34E5200381C7F /* Gavin Poses-s02.png in Resources */ = {isa = PBXBuildFile; fileRef = D33540811A3764E80064C81C /* Gavin Poses-s02.png */; };
		D37FBCA91AF34E5200381C7F /* Gavin Poses-s02@2x.png in Resources */ = {isa = PBXBuildFile; fileRef = D33540821A3764E80064C81C /* Gavin Poses-s02@2x.png */; };
		D37FBCAA1AF34E5200381C7F /* Gavin Poses-s02@3x.png in Resources */ = {isa = PBXBuildFile; fileRef = D33540831A3764E80064C81C /* Gavin Poses-s02@3x.png */; };
		D37FBCAB1AF34E5200381C7F /* Gavin Poses-s03.png in Resources */ = {isa = PBXBuildFile; fileRef = D33540841A3764E80064C81C /* Gavin Poses-s03.png */; };
		D37FBCAC1AF34E5200381C7F /* Gavin Poses-s03@2x.png in Resources */ = {isa = PBXBuildFile; fileRef = D33540851A3764E80064C81C /* Gavin Poses-s03@2x.png */; };
		D37FBCAD1AF34E5200381C7F /* Gavin Poses-s03@3x.png in Resources */ = {isa = PBXBuildFile; fileRef = D33540861A3764E80064C81C /* Gavin Poses-s03@3x.png */; };
		D37FBCAE1AF34E5200381C7F /* Gavin Poses-s04.png in Resources */ = {isa = PBXBuildFile; fileRef = D33540871A3764E80064C81C /* Gavin Poses-s04.png */; };
		D37FBCAF1AF34E5200381C7F /* Gavin Poses-s04@2x.png in Resources */ = {isa = PBXBuildFile; fileRef = D33540881A3764E80064C81C /* Gavin Poses-s04@2x.png */; };
		D37FBCB01AF34E5200381C7F /* Gavin Poses-s04@3x.png in Resources */ = {isa = PBXBuildFile; fileRef = D33540891A3764E80064C81C /* Gavin Poses-s04@3x.png */; };
		D37FBCB11AF34E5200381C7F /* Gavin Poses-s05.png in Resources */ = {isa = PBXBuildFile; fileRef = D335408A1A3764E80064C81C /* Gavin Poses-s05.png */; };
		D37FBCB21AF34E5200381C7F /* Gavin Poses-s05@2x.png in Resources */ = {isa = PBXBuildFile; fileRef = D335408B1A3764E80064C81C /* Gavin Poses-s05@2x.png */; };
		D37FBCB31AF34E5200381C7F /* Gavin Poses-s05@3x.png in Resources */ = {isa = PBXBuildFile; fileRef = D335408C1A3764E80064C81C /* Gavin Poses-s05@3x.png */; };
		D37FBCB41AF34E5200381C7F /* Gavin Poses-s06.png in Resources */ = {isa = PBXBuildFile; fileRef = D335408D1A3764E80064C81C /* Gavin Poses-s06.png */; };
		D37FBCB51AF34E5200381C7F /* Gavin Poses-s06@2x.png in Resources */ = {isa = PBXBuildFile; fileRef = D335408E1A3764E80064C81C /* Gavin Poses-s06@2x.png */; };
		D37FBCB61AF34E5200381C7F /* Gavin Poses-s06@3x.png in Resources */ = {isa = PBXBuildFile; fileRef = D335408F1A3764E80064C81C /* Gavin Poses-s06@3x.png */; };
		D37FBCB71AF34E5200381C7F /* Gavin Poses-s07.png in Resources */ = {isa = PBXBuildFile; fileRef = D33540901A3764E80064C81C /* Gavin Poses-s07.png */; };
		D37FBCB81AF34E5200381C7F /* Gavin Poses-s07@2x.png in Resources */ = {isa = PBXBuildFile; fileRef = D33540911A3764E80064C81C /* Gavin Poses-s07@2x.png */; };
		D37FBCB91AF34E5200381C7F /* Gavin Poses-s07@3x.png in Resources */ = {isa = PBXBuildFile; fileRef = D33540921A3764E80064C81C /* Gavin Poses-s07@3x.png */; };
		D37FBCBA1AF34E5200381C7F /* Gavin Poses-s08.png in Resources */ = {isa = PBXBuildFile; fileRef = D33540931A3764E80064C81C /* Gavin Poses-s08.png */; };
		D37FBCBB1AF34E5200381C7F /* Gavin Poses-s08@2x.png in Resources */ = {isa = PBXBuildFile; fileRef = D33540941A3764E80064C81C /* Gavin Poses-s08@2x.png */; };
		D37FBCBC1AF34E5200381C7F /* Gavin Poses-s08@3x.png in Resources */ = {isa = PBXBuildFile; fileRef = D33540951A3764E80064C81C /* Gavin Poses-s08@3x.png */; };
		D37FBCBD1AF34E5200381C7F /* Gavin Poses-s09.png in Resources */ = {isa = PBXBuildFile; fileRef = D33540961A3764E80064C81C /* Gavin Poses-s09.png */; };
		D37FBCBE1AF34E5200381C7F /* Gavin Poses-s09@2x.png in Resources */ = {isa = PBXBuildFile; fileRef = D33540971A3764E80064C81C /* Gavin Poses-s09@2x.png */; };
		D37FBCBF1AF34E5200381C7F /* Gavin Poses-s09@3x.png in Resources */ = {isa = PBXBuildFile; fileRef = D33540981A3764E80064C81C /* Gavin Poses-s09@3x.png */; };
		D37FBCC01AF34E5200381C7F /* Gavin Poses-s10.png in Resources */ = {isa = PBXBuildFile; fileRef = D33540991A3764E80064C81C /* Gavin Poses-s10.png */; };
		D37FBCC11AF34E5200381C7F /* Gavin Poses-s10@2x.png in Resources */ = {isa = PBXBuildFile; fileRef = D335409A1A3764E80064C81C /* Gavin Poses-s10@2x.png */; };
		D37FBCC21AF34E5200381C7F /* Gavin Poses-s10@3x.png in Resources */ = {isa = PBXBuildFile; fileRef = D335409B1A3764E80064C81C /* Gavin Poses-s10@3x.png */; };
		D37FBCC81AF34E9300381C7F /* Developement.swift in Sources */ = {isa = PBXBuildFile; fileRef = D341D23E1AC1FB24007D0593 /* Developement.swift */; };
		D37FBCC91AF34E9300381C7F /* ImageWheel.swift in Sources */ = {isa = PBXBuildFile; fileRef = D36DB7361AB7D03800F080C8 /* ImageWheel.swift */; };
		D37FBCCA1AF34E9300381C7F /* ImageWheel+Types.swift in Sources */ = {isa = PBXBuildFile; fileRef = D3DC4C471A95877400984A24 /* ImageWheel+Types.swift */; };
		D37FBCCB1AF34E9300381C7F /* BCYStandardLibrary.swift in Sources */ = {isa = PBXBuildFile; fileRef = D30771991A88001B003BA7E1 /* BCYStandardLibrary.swift */; };
		D37FBCCC1AF34E9300381C7F /* WedgeImageView.swift in Sources */ = {isa = PBXBuildFile; fileRef = D37FBC761AF3308500381C7F /* WedgeImageView.swift */; };
		D37FBCCD1AF34E9300381C7F /* PieImageView.swift in Sources */ = {isa = PBXBuildFile; fileRef = D3CDA2D11AF32EBD00243AFF /* PieImageView.swift */; };
		D37FBCCE1AF34E9300381C7F /* TeethTimer-Bridging-Header.h in Sources */ = {isa = PBXBuildFile; fileRef = D388C2E41A9EE256007D4F8B /* TeethTimer-Bridging-Header.h */; };
		D37FBCCF1AF34E9300381C7F /* UIImage+ImageEffects.h in Sources */ = {isa = PBXBuildFile; fileRef = D3207F2C1ADAC00900ABE2FC /* UIImage+ImageEffects.h */; };
		D37FBCD01AF34E9300381C7F /* UIImage+ImageEffects.m in Sources */ = {isa = PBXBuildFile; fileRef = D3207F2D1ADAC00900ABE2FC /* UIImage+ImageEffects.m */; };
		D37FBCD11AF34E9300381C7F /* PieSliceLayer.h in Sources */ = {isa = PBXBuildFile; fileRef = D3CDA2CE1AF32E6300243AFF /* PieSliceLayer.h */; };
		D37FBCD21AF34E9300381C7F /* PieSliceLayer.m in Sources */ = {isa = PBXBuildFile; fileRef = D3CDA2CF1AF32E6300243AFF /* PieSliceLayer.m */; };
		D37FBCD31AF3518A00381C7F /* SystemVersion.swift in Sources */ = {isa = PBXBuildFile; fileRef = D30EDFA51AD2F8C100E76327 /* SystemVersion.swift */; };
		D3864F591AF69FBE00B787B4 /* Async.swift in Sources */ = {isa = PBXBuildFile; fileRef = D3864F581AF69FBE00B787B4 /* Async.swift */; };
		D388C3021A9F7B50007D4F8B /* POPProperty.swift in Sources */ = {isa = PBXBuildFile; fileRef = D388C2FF1A9F7B50007D4F8B /* POPProperty.swift */; };
		D388C3031A9F7B50007D4F8B /* POPSwiftWrapper.m in Sources */ = {isa = PBXBuildFile; fileRef = D388C3011A9F7B50007D4F8B /* POPSwiftWrapper.m */; };
		D38CA8351B2386680029A212 /* TeethTimer.mp4 in Resources */ = {isa = PBXBuildFile; fileRef = D38CA8341B2386680029A212 /* TeethTimer.mp4 */; };
		D3B29F801AF5264200C2C067 /* ContainerView.swift in Sources */ = {isa = PBXBuildFile; fileRef = D3B29F7F1AF5264200C2C067 /* ContainerView.swift */; };
		D3B7BC7019EA383A00F50DF7 /* AppDelegate.swift in Sources */ = {isa = PBXBuildFile; fileRef = D3B7BC6F19EA383A00F50DF7 /* AppDelegate.swift */; };
		D3B7BC7219EA383A00F50DF7 /* TimerViewController.swift in Sources */ = {isa = PBXBuildFile; fileRef = D3B7BC7119EA383A00F50DF7 /* TimerViewController.swift */; };
		D3B7BC7519EA383A00F50DF7 /* Main.storyboard in Resources */ = {isa = PBXBuildFile; fileRef = D3B7BC7319EA383A00F50DF7 /* Main.storyboard */; };
		D3B7BC7A19EA383A00F50DF7 /* LaunchScreen.xib in Resources */ = {isa = PBXBuildFile; fileRef = D3B7BC7819EA383A00F50DF7 /* LaunchScreen.xib */; };
		D3B95AD41ADB3CA300883051 /* SnapshotView.swift in Sources */ = {isa = PBXBuildFile; fileRef = D3B95AD31ADB3CA300883051 /* SnapshotView.swift */; };
		D3BF13FC1B05675100D0C3E1 /* TimerViewController+Cache.swift in Sources */ = {isa = PBXBuildFile; fileRef = D3BF13FB1B05675100D0C3E1 /* TimerViewController+Cache.swift */; };
		D3CDA2D01AF32E6300243AFF /* PieSliceLayer.m in Sources */ = {isa = PBXBuildFile; fileRef = D3CDA2CF1AF32E6300243AFF /* PieSliceLayer.m */; };
		D3CDA2D21AF32EBD00243AFF /* PieImageView.swift in Sources */ = {isa = PBXBuildFile; fileRef = D3CDA2D11AF32EBD00243AFF /* PieImageView.swift */; };
		D3CEFEE81B2A302400AE6A6D /* Angle.swift in Sources */ = {isa = PBXBuildFile; fileRef = D3CEFEE71B2A302400AE6A6D /* Angle.swift */; };
		D3CEFEE91B2A302400AE6A6D /* Angle.swift in Sources */ = {isa = PBXBuildFile; fileRef = D3CEFEE71B2A302400AE6A6D /* Angle.swift */; };
		D3DC4C481A95877400984A24 /* ImageWheel+Types.swift in Sources */ = {isa = PBXBuildFile; fileRef = D3DC4C471A95877400984A24 /* ImageWheel+Types.swift */; };
		D3F72EA81B2BEA21005C6F94 /* WheelControl+Types.swift in Sources */ = {isa = PBXBuildFile; fileRef = D3F72EA71B2BEA21005C6F94 /* WheelControl+Types.swift */; };
		D3F8609C1B293F5200C68C08 /* Revolution.swift in Sources */ = {isa = PBXBuildFile; fileRef = D32625901B2799D9002379C1 /* Revolution.swift */; };
		D3F8609E1B294C0300C68C08 /* NumericType.swift in Sources */ = {isa = PBXBuildFile; fileRef = D3F8609D1B294C0300C68C08 /* NumericType.swift */; };
		D3F8609F1B294C0300C68C08 /* NumericType.swift in Sources */ = {isa = PBXBuildFile; fileRef = D3F8609D1B294C0300C68C08 /* NumericType.swift */; };
/* End PBXBuildFile section */

/* Begin PBXFileReference section */
		494890643301A07092EB8CC0 /* Pods.release.xcconfig */ = {isa = PBXFileReference; includeInIndex = 1; lastKnownFileType = text.xcconfig; name = Pods.release.xcconfig; path = "Pods/Target Support Files/Pods/Pods.release.xcconfig"; sourceTree = "<group>"; };
		A8D8BE3E5746E8CC9B850697 /* Pods.debug.xcconfig */ = {isa = PBXFileReference; includeInIndex = 1; lastKnownFileType = text.xcconfig; name = Pods.debug.xcconfig; path = "Pods/Target Support Files/Pods/Pods.debug.xcconfig"; sourceTree = "<group>"; };
		B1113560EAB34F926CF979D1 /* libPods.a */ = {isa = PBXFileReference; explicitFileType = archive.ar; includeInIndex = 0; path = libPods.a; sourceTree = BUILT_PRODUCTS_DIR; };
		D307716C1A869B06003BA7E1 /* num-01@2x.png */ = {isa = PBXFileReference; lastKnownFileType = image.png; name = "num-01@2x.png"; path = "TeethTimer/Numbers/num-01@2x.png"; sourceTree = "<group>"; };
		D307716D1A869B06003BA7E1 /* num-02@2x.png */ = {isa = PBXFileReference; lastKnownFileType = image.png; name = "num-02@2x.png"; path = "TeethTimer/Numbers/num-02@2x.png"; sourceTree = "<group>"; };
		D307716E1A869B06003BA7E1 /* num-03@2x.png */ = {isa = PBXFileReference; lastKnownFileType = image.png; name = "num-03@2x.png"; path = "TeethTimer/Numbers/num-03@2x.png"; sourceTree = "<group>"; };
		D307716F1A869B06003BA7E1 /* num-04@2x.png */ = {isa = PBXFileReference; lastKnownFileType = image.png; name = "num-04@2x.png"; path = "TeethTimer/Numbers/num-04@2x.png"; sourceTree = "<group>"; };
		D30771701A869B06003BA7E1 /* num-05@2x.png */ = {isa = PBXFileReference; lastKnownFileType = image.png; name = "num-05@2x.png"; path = "TeethTimer/Numbers/num-05@2x.png"; sourceTree = "<group>"; };
		D30771711A869B06003BA7E1 /* num-06@2x.png */ = {isa = PBXFileReference; lastKnownFileType = image.png; name = "num-06@2x.png"; path = "TeethTimer/Numbers/num-06@2x.png"; sourceTree = "<group>"; };
		D30771721A869B06003BA7E1 /* num-07@2x.png */ = {isa = PBXFileReference; lastKnownFileType = image.png; name = "num-07@2x.png"; path = "TeethTimer/Numbers/num-07@2x.png"; sourceTree = "<group>"; };
		D30771731A869B06003BA7E1 /* num-08@2x.png */ = {isa = PBXFileReference; lastKnownFileType = image.png; name = "num-08@2x.png"; path = "TeethTimer/Numbers/num-08@2x.png"; sourceTree = "<group>"; };
		D30771741A869B06003BA7E1 /* num-09@2x.png */ = {isa = PBXFileReference; lastKnownFileType = image.png; name = "num-09@2x.png"; path = "TeethTimer/Numbers/num-09@2x.png"; sourceTree = "<group>"; };
		D30771751A869B06003BA7E1 /* num-10@2x.png */ = {isa = PBXFileReference; lastKnownFileType = image.png; name = "num-10@2x.png"; path = "TeethTimer/Numbers/num-10@2x.png"; sourceTree = "<group>"; };
		D30771761A869B06003BA7E1 /* num-11@2x.png */ = {isa = PBXFileReference; lastKnownFileType = image.png; name = "num-11@2x.png"; path = "TeethTimer/Numbers/num-11@2x.png"; sourceTree = "<group>"; };
		D30771771A869B06003BA7E1 /* num-12@2x.png */ = {isa = PBXFileReference; lastKnownFileType = image.png; name = "num-12@2x.png"; path = "TeethTimer/Numbers/num-12@2x.png"; sourceTree = "<group>"; };
		D30771781A869B06003BA7E1 /* num-13@2x.png */ = {isa = PBXFileReference; lastKnownFileType = image.png; name = "num-13@2x.png"; path = "TeethTimer/Numbers/num-13@2x.png"; sourceTree = "<group>"; };
		D30771791A869B06003BA7E1 /* num-14@2x.png */ = {isa = PBXFileReference; lastKnownFileType = image.png; name = "num-14@2x.png"; path = "TeethTimer/Numbers/num-14@2x.png"; sourceTree = "<group>"; };
		D307717A1A869B06003BA7E1 /* num-15@2x.png */ = {isa = PBXFileReference; lastKnownFileType = image.png; name = "num-15@2x.png"; path = "TeethTimer/Numbers/num-15@2x.png"; sourceTree = "<group>"; };
		D307717B1A869B06003BA7E1 /* num-16@2x.png */ = {isa = PBXFileReference; lastKnownFileType = image.png; name = "num-16@2x.png"; path = "TeethTimer/Numbers/num-16@2x.png"; sourceTree = "<group>"; };
		D307717C1A869B06003BA7E1 /* num-17@2x.png */ = {isa = PBXFileReference; lastKnownFileType = image.png; name = "num-17@2x.png"; path = "TeethTimer/Numbers/num-17@2x.png"; sourceTree = "<group>"; };
		D307717D1A869B06003BA7E1 /* num-18@2x.png */ = {isa = PBXFileReference; lastKnownFileType = image.png; name = "num-18@2x.png"; path = "TeethTimer/Numbers/num-18@2x.png"; sourceTree = "<group>"; };
		D307717E1A869B06003BA7E1 /* num-19@2x.png */ = {isa = PBXFileReference; lastKnownFileType = image.png; name = "num-19@2x.png"; path = "TeethTimer/Numbers/num-19@2x.png"; sourceTree = "<group>"; };
		D307717F1A869B06003BA7E1 /* num-20@2x.png */ = {isa = PBXFileReference; lastKnownFileType = image.png; name = "num-20@2x.png"; path = "TeethTimer/Numbers/num-20@2x.png"; sourceTree = "<group>"; };
		D30771801A869B06003BA7E1 /* num-21@2x.png */ = {isa = PBXFileReference; lastKnownFileType = image.png; name = "num-21@2x.png"; path = "TeethTimer/Numbers/num-21@2x.png"; sourceTree = "<group>"; };
		D30771811A869B06003BA7E1 /* num-22@2x.png */ = {isa = PBXFileReference; lastKnownFileType = image.png; name = "num-22@2x.png"; path = "TeethTimer/Numbers/num-22@2x.png"; sourceTree = "<group>"; };
		D30771991A88001B003BA7E1 /* BCYStandardLibrary.swift */ = {isa = PBXFileReference; fileEncoding = 4; lastKnownFileType = sourcecode.swift; path = BCYStandardLibrary.swift; sourceTree = "<group>"; };
		D30E03571B20F24D0019914B /* MovieMaker.swift */ = {isa = PBXFileReference; fileEncoding = 4; lastKnownFileType = sourcecode.swift; path = MovieMaker.swift; sourceTree = "<group>"; };
		D30E035A1B20F2ED0019914B /* CacheWheelState.swift */ = {isa = PBXFileReference; fileEncoding = 4; lastKnownFileType = sourcecode.swift; path = CacheWheelState.swift; sourceTree = "<group>"; };
		D30EDFA51AD2F8C100E76327 /* SystemVersion.swift */ = {isa = PBXFileReference; fileEncoding = 4; lastKnownFileType = sourcecode.swift; path = SystemVersion.swift; sourceTree = "<group>"; };
		D31F389B1B2DF8CF0009E0B8 /* Int+Parity.swift */ = {isa = PBXFileReference; fileEncoding = 4; lastKnownFileType = sourcecode.swift; path = "Int+Parity.swift"; sourceTree = "<group>"; };
		D31F95E01A2C5FE700219B32 /* ColorImage.swift */ = {isa = PBXFileReference; fileEncoding = 4; lastKnownFileType = sourcecode.swift; name = ColorImage.swift; path = ../ColorImage.swift; sourceTree = "<group>"; };
		D3207F2C1ADAC00900ABE2FC /* UIImage+ImageEffects.h */ = {isa = PBXFileReference; fileEncoding = 4; lastKnownFileType = sourcecode.c.h; path = "UIImage+ImageEffects.h"; sourceTree = "<group>"; };
		D3207F2D1ADAC00900ABE2FC /* UIImage+ImageEffects.m */ = {isa = PBXFileReference; fileEncoding = 4; lastKnownFileType = sourcecode.c.objc; path = "UIImage+ImageEffects.m"; sourceTree = "<group>"; };
		D32519321B0AA5B9007965DD /* BDYMovieMakerHelper.h */ = {isa = PBXFileReference; fileEncoding = 4; lastKnownFileType = sourcecode.c.h; path = BDYMovieMakerHelper.h; sourceTree = "<group>"; };
		D32519331B0AA5B9007965DD /* BDYMovieMakerHelper.m */ = {isa = PBXFileReference; fileEncoding = 4; lastKnownFileType = sourcecode.c.objc; path = BDYMovieMakerHelper.m; sourceTree = "<group>"; };
		D32625901B2799D9002379C1 /* Revolution.swift */ = {isa = PBXFileReference; fileEncoding = 4; lastKnownFileType = sourcecode.swift; path = Revolution.swift; sourceTree = "<group>"; };
		D328E5091AF08DC000144E3B /* forward-lg.mp4 */ = {isa = PBXFileReference; lastKnownFileType = file; path = "forward-lg.mp4"; sourceTree = "<group>"; };
		D328E50A1AF08DC000144E3B /* forward.mp4 */ = {isa = PBXFileReference; lastKnownFileType = file; path = forward.mp4; sourceTree = "<group>"; };
		D335407E1A3764E80064C81C /* Gavin Poses-s01.png */ = {isa = PBXFileReference; lastKnownFileType = image.png; path = "Gavin Poses-s01.png"; sourceTree = "<group>"; };
		D335407F1A3764E80064C81C /* Gavin Poses-s01@2x.png */ = {isa = PBXFileReference; lastKnownFileType = image.png; path = "Gavin Poses-s01@2x.png"; sourceTree = "<group>"; };
		D33540801A3764E80064C81C /* Gavin Poses-s01@3x.png */ = {isa = PBXFileReference; lastKnownFileType = image.png; path = "Gavin Poses-s01@3x.png"; sourceTree = "<group>"; };
		D33540811A3764E80064C81C /* Gavin Poses-s02.png */ = {isa = PBXFileReference; lastKnownFileType = image.png; path = "Gavin Poses-s02.png"; sourceTree = "<group>"; };
		D33540821A3764E80064C81C /* Gavin Poses-s02@2x.png */ = {isa = PBXFileReference; lastKnownFileType = image.png; path = "Gavin Poses-s02@2x.png"; sourceTree = "<group>"; };
		D33540831A3764E80064C81C /* Gavin Poses-s02@3x.png */ = {isa = PBXFileReference; lastKnownFileType = image.png; path = "Gavin Poses-s02@3x.png"; sourceTree = "<group>"; };
		D33540841A3764E80064C81C /* Gavin Poses-s03.png */ = {isa = PBXFileReference; lastKnownFileType = image.png; path = "Gavin Poses-s03.png"; sourceTree = "<group>"; };
		D33540851A3764E80064C81C /* Gavin Poses-s03@2x.png */ = {isa = PBXFileReference; lastKnownFileType = image.png; path = "Gavin Poses-s03@2x.png"; sourceTree = "<group>"; };
		D33540861A3764E80064C81C /* Gavin Poses-s03@3x.png */ = {isa = PBXFileReference; lastKnownFileType = image.png; path = "Gavin Poses-s03@3x.png"; sourceTree = "<group>"; };
		D33540871A3764E80064C81C /* Gavin Poses-s04.png */ = {isa = PBXFileReference; lastKnownFileType = image.png; path = "Gavin Poses-s04.png"; sourceTree = "<group>"; };
		D33540881A3764E80064C81C /* Gavin Poses-s04@2x.png */ = {isa = PBXFileReference; lastKnownFileType = image.png; path = "Gavin Poses-s04@2x.png"; sourceTree = "<group>"; };
		D33540891A3764E80064C81C /* Gavin Poses-s04@3x.png */ = {isa = PBXFileReference; lastKnownFileType = image.png; path = "Gavin Poses-s04@3x.png"; sourceTree = "<group>"; };
		D335408A1A3764E80064C81C /* Gavin Poses-s05.png */ = {isa = PBXFileReference; lastKnownFileType = image.png; path = "Gavin Poses-s05.png"; sourceTree = "<group>"; };
		D335408B1A3764E80064C81C /* Gavin Poses-s05@2x.png */ = {isa = PBXFileReference; lastKnownFileType = image.png; path = "Gavin Poses-s05@2x.png"; sourceTree = "<group>"; };
		D335408C1A3764E80064C81C /* Gavin Poses-s05@3x.png */ = {isa = PBXFileReference; lastKnownFileType = image.png; path = "Gavin Poses-s05@3x.png"; sourceTree = "<group>"; };
		D335408D1A3764E80064C81C /* Gavin Poses-s06.png */ = {isa = PBXFileReference; lastKnownFileType = image.png; path = "Gavin Poses-s06.png"; sourceTree = "<group>"; };
		D335408E1A3764E80064C81C /* Gavin Poses-s06@2x.png */ = {isa = PBXFileReference; lastKnownFileType = image.png; path = "Gavin Poses-s06@2x.png"; sourceTree = "<group>"; };
		D335408F1A3764E80064C81C /* Gavin Poses-s06@3x.png */ = {isa = PBXFileReference; lastKnownFileType = image.png; path = "Gavin Poses-s06@3x.png"; sourceTree = "<group>"; };
		D33540901A3764E80064C81C /* Gavin Poses-s07.png */ = {isa = PBXFileReference; lastKnownFileType = image.png; path = "Gavin Poses-s07.png"; sourceTree = "<group>"; };
		D33540911A3764E80064C81C /* Gavin Poses-s07@2x.png */ = {isa = PBXFileReference; lastKnownFileType = image.png; path = "Gavin Poses-s07@2x.png"; sourceTree = "<group>"; };
		D33540921A3764E80064C81C /* Gavin Poses-s07@3x.png */ = {isa = PBXFileReference; lastKnownFileType = image.png; path = "Gavin Poses-s07@3x.png"; sourceTree = "<group>"; };
		D33540931A3764E80064C81C /* Gavin Poses-s08.png */ = {isa = PBXFileReference; lastKnownFileType = image.png; path = "Gavin Poses-s08.png"; sourceTree = "<group>"; };
		D33540941A3764E80064C81C /* Gavin Poses-s08@2x.png */ = {isa = PBXFileReference; lastKnownFileType = image.png; path = "Gavin Poses-s08@2x.png"; sourceTree = "<group>"; };
		D33540951A3764E80064C81C /* Gavin Poses-s08@3x.png */ = {isa = PBXFileReference; lastKnownFileType = image.png; path = "Gavin Poses-s08@3x.png"; sourceTree = "<group>"; };
		D33540961A3764E80064C81C /* Gavin Poses-s09.png */ = {isa = PBXFileReference; lastKnownFileType = image.png; path = "Gavin Poses-s09.png"; sourceTree = "<group>"; };
		D33540971A3764E80064C81C /* Gavin Poses-s09@2x.png */ = {isa = PBXFileReference; lastKnownFileType = image.png; path = "Gavin Poses-s09@2x.png"; sourceTree = "<group>"; };
		D33540981A3764E80064C81C /* Gavin Poses-s09@3x.png */ = {isa = PBXFileReference; lastKnownFileType = image.png; path = "Gavin Poses-s09@3x.png"; sourceTree = "<group>"; };
		D33540991A3764E80064C81C /* Gavin Poses-s10.png */ = {isa = PBXFileReference; lastKnownFileType = image.png; path = "Gavin Poses-s10.png"; sourceTree = "<group>"; };
		D335409A1A3764E80064C81C /* Gavin Poses-s10@2x.png */ = {isa = PBXFileReference; lastKnownFileType = image.png; path = "Gavin Poses-s10@2x.png"; sourceTree = "<group>"; };
		D335409B1A3764E80064C81C /* Gavin Poses-s10@3x.png */ = {isa = PBXFileReference; lastKnownFileType = image.png; path = "Gavin Poses-s10@3x.png"; sourceTree = "<group>"; };
		D341D23E1AC1FB24007D0593 /* Developement.swift */ = {isa = PBXFileReference; fileEncoding = 4; lastKnownFileType = sourcecode.swift; path = Developement.swift; sourceTree = "<group>"; };
		D347A2381B2C7D3100E5256C /* TimerViewController+Background.swift */ = {isa = PBXFileReference; fileEncoding = 4; lastKnownFileType = sourcecode.swift; path = "TimerViewController+Background.swift"; sourceTree = "<group>"; };
		D3485C8319ECE77200C6E495 /* MyPlayground.playground */ = {isa = PBXFileReference; lastKnownFileType = file.playground; path = MyPlayground.playground; sourceTree = "<group>"; };
		D3485C8419ECEEB900C6E495 /* Timer.swift */ = {isa = PBXFileReference; fileEncoding = 4; lastKnownFileType = sourcecode.swift; path = Timer.swift; sourceTree = "<group>"; };
		D34DC0551A0FF26000AA7420 /* Settings.bundle */ = {isa = PBXFileReference; lastKnownFileType = "wrapper.plug-in"; path = Settings.bundle; sourceTree = "<group>"; };
		D34F10B81AAEA1D0009E2A9B /* WheelControl.swift */ = {isa = PBXFileReference; fileEncoding = 4; lastKnownFileType = sourcecode.swift; path = WheelControl.swift; sourceTree = "<group>"; };
		D34F10BA1AAEAE88009E2A9B /* WheelImage.png */ = {isa = PBXFileReference; lastKnownFileType = image.png; name = WheelImage.png; path = Calibration/WheelImage.png; sourceTree = "<group>"; };
		D34F10BB1AAEAE88009E2A9B /* WheelImageType.png */ = {isa = PBXFileReference; lastKnownFileType = image.png; name = WheelImageType.png; path = Calibration/WheelImageType.png; sourceTree = "<group>"; };
		D35ED7B21AED6012001DFF20 /* VideoView.swift */ = {isa = PBXFileReference; fileEncoding = 4; lastKnownFileType = sourcecode.swift; path = VideoView.swift; sourceTree = "<group>"; };
		D36DB7361AB7D03800F080C8 /* ImageWheel.swift */ = {isa = PBXFileReference; fileEncoding = 4; lastKnownFileType = sourcecode.swift; path = ImageWheel.swift; sourceTree = "<group>"; };
		D37FBC761AF3308500381C7F /* WedgeImageView.swift */ = {isa = PBXFileReference; fileEncoding = 4; lastKnownFileType = sourcecode.swift; path = WedgeImageView.swift; sourceTree = "<group>"; };
		D37FBC7C1AF34DE100381C7F /* ImageWheel.app */ = {isa = PBXFileReference; explicitFileType = wrapper.application; includeInIndex = 0; path = ImageWheel.app; sourceTree = BUILT_PRODUCTS_DIR; };
		D37FBC7F1AF34DE100381C7F /* Info.plist */ = {isa = PBXFileReference; lastKnownFileType = text.plist.xml; path = Info.plist; sourceTree = "<group>"; };
		D37FBC801AF34DE100381C7F /* AppDelegate.swift */ = {isa = PBXFileReference; lastKnownFileType = sourcecode.swift; path = AppDelegate.swift; sourceTree = "<group>"; };
		D37FBC821AF34DE100381C7F /* ViewController.swift */ = {isa = PBXFileReference; lastKnownFileType = sourcecode.swift; path = ViewController.swift; sourceTree = "<group>"; };
		D37FBC851AF34DE100381C7F /* Base */ = {isa = PBXFileReference; lastKnownFileType = file.storyboard; name = Base; path = Base.lproj/Main.storyboard; sourceTree = "<group>"; };
		D37FBC871AF34DE100381C7F /* Images.xcassets */ = {isa = PBXFileReference; lastKnownFileType = folder.assetcatalog; path = Images.xcassets; sourceTree = "<group>"; };
		D37FBC8A1AF34DE100381C7F /* Base */ = {isa = PBXFileReference; lastKnownFileType = file.xib; name = Base; path = Base.lproj/LaunchScreen.xib; sourceTree = "<group>"; };
		D37FBCD41AF3522700381C7F /* ImageWheel-Bridging-Header.h */ = {isa = PBXFileReference; fileEncoding = 4; lastKnownFileType = sourcecode.c.h; path = "ImageWheel-Bridging-Header.h"; sourceTree = "<group>"; };
		D3864F581AF69FBE00B787B4 /* Async.swift */ = {isa = PBXFileReference; fileEncoding = 4; lastKnownFileType = sourcecode.swift; name = Async.swift; path = ../../../GITHub/Async/Async.swift; sourceTree = "<group>"; };
		D388C2E41A9EE256007D4F8B /* TeethTimer-Bridging-Header.h */ = {isa = PBXFileReference; lastKnownFileType = sourcecode.c.h; path = "TeethTimer-Bridging-Header.h"; sourceTree = "<group>"; };
		D388C2FF1A9F7B50007D4F8B /* POPProperty.swift */ = {isa = PBXFileReference; fileEncoding = 4; lastKnownFileType = sourcecode.swift; path = POPProperty.swift; sourceTree = "<group>"; };
		D388C3001A9F7B50007D4F8B /* POPSwiftWrapper.h */ = {isa = PBXFileReference; fileEncoding = 4; lastKnownFileType = sourcecode.c.h; path = POPSwiftWrapper.h; sourceTree = "<group>"; };
		D388C3011A9F7B50007D4F8B /* POPSwiftWrapper.m */ = {isa = PBXFileReference; fileEncoding = 4; lastKnownFileType = sourcecode.c.objc; path = POPSwiftWrapper.m; sourceTree = "<group>"; };
		D38CA8341B2386680029A212 /* TeethTimer.mp4 */ = {isa = PBXFileReference; lastKnownFileType = file; name = TeethTimer.mp4; path = cachedUI/TeethTimer.mp4; sourceTree = "<group>"; };
		D3A4341F1B015BA8001DD6A2 /* FramesToMovie.m */ = {isa = PBXFileReference; fileEncoding = 4; lastKnownFileType = sourcecode.c.objc; path = FramesToMovie.m; sourceTree = "<group>"; };
		D3A434241B015CA0001DD6A2 /* FramesToMovie.h */ = {isa = PBXFileReference; fileEncoding = 4; lastKnownFileType = sourcecode.c.h; path = FramesToMovie.h; sourceTree = "<group>"; };
		D3B29F7F1AF5264200C2C067 /* ContainerView.swift */ = {isa = PBXFileReference; fileEncoding = 4; lastKnownFileType = sourcecode.swift; path = ContainerView.swift; sourceTree = "<group>"; };
		D3B7BC6A19EA383A00F50DF7 /* TeethTimer.app */ = {isa = PBXFileReference; explicitFileType = wrapper.application; includeInIndex = 0; path = TeethTimer.app; sourceTree = BUILT_PRODUCTS_DIR; };
		D3B7BC6E19EA383A00F50DF7 /* Info.plist */ = {isa = PBXFileReference; lastKnownFileType = text.plist.xml; path = Info.plist; sourceTree = "<group>"; };
		D3B7BC6F19EA383A00F50DF7 /* AppDelegate.swift */ = {isa = PBXFileReference; lastKnownFileType = sourcecode.swift; path = AppDelegate.swift; sourceTree = "<group>"; };
		D3B7BC7119EA383A00F50DF7 /* TimerViewController.swift */ = {isa = PBXFileReference; lastKnownFileType = sourcecode.swift; path = TimerViewController.swift; sourceTree = "<group>"; };
		D3B7BC7419EA383A00F50DF7 /* Base */ = {isa = PBXFileReference; lastKnownFileType = file.storyboard; name = Base; path = Base.lproj/Main.storyboard; sourceTree = "<group>"; };
		D3B7BC7919EA383A00F50DF7 /* Base */ = {isa = PBXFileReference; lastKnownFileType = file.xib; name = Base; path = Base.lproj/LaunchScreen.xib; sourceTree = "<group>"; };
		D3B7BC8419EA383A00F50DF7 /* Info.plist */ = {isa = PBXFileReference; lastKnownFileType = text.plist.xml; path = Info.plist; sourceTree = "<group>"; };
		D3B7BC8519EA383A00F50DF7 /* TeethTimerTests.swift */ = {isa = PBXFileReference; lastKnownFileType = sourcecode.swift; path = TeethTimerTests.swift; sourceTree = "<group>"; };
		D3B95AD31ADB3CA300883051 /* SnapshotView.swift */ = {isa = PBXFileReference; fileEncoding = 4; lastKnownFileType = sourcecode.swift; path = SnapshotView.swift; sourceTree = "<group>"; };
		D3BF13FB1B05675100D0C3E1 /* TimerViewController+Cache.swift */ = {isa = PBXFileReference; fileEncoding = 4; lastKnownFileType = sourcecode.swift; path = "TimerViewController+Cache.swift"; sourceTree = "<group>"; };
		D3CDA2CE1AF32E6300243AFF /* PieSliceLayer.h */ = {isa = PBXFileReference; fileEncoding = 4; lastKnownFileType = sourcecode.c.h; path = PieSliceLayer.h; sourceTree = "<group>"; };
		D3CDA2CF1AF32E6300243AFF /* PieSliceLayer.m */ = {isa = PBXFileReference; fileEncoding = 4; lastKnownFileType = sourcecode.c.objc; path = PieSliceLayer.m; sourceTree = "<group>"; };
		D3CDA2D11AF32EBD00243AFF /* PieImageView.swift */ = {isa = PBXFileReference; fileEncoding = 4; lastKnownFileType = sourcecode.swift; path = PieImageView.swift; sourceTree = "<group>"; };
		D3CEFEE71B2A302400AE6A6D /* Angle.swift */ = {isa = PBXFileReference; fileEncoding = 4; lastKnownFileType = sourcecode.swift; path = Angle.swift; sourceTree = "<group>"; };
		D3DC4C471A95877400984A24 /* ImageWheel+Types.swift */ = {isa = PBXFileReference; fileEncoding = 4; lastKnownFileType = sourcecode.swift; path = "ImageWheel+Types.swift"; sourceTree = "<group>"; };
		D3F72EA71B2BEA21005C6F94 /* WheelControl+Types.swift */ = {isa = PBXFileReference; fileEncoding = 4; lastKnownFileType = sourcecode.swift; path = "WheelControl+Types.swift"; sourceTree = "<group>"; };
		D3F8609D1B294C0300C68C08 /* NumericType.swift */ = {isa = PBXFileReference; fileEncoding = 4; lastKnownFileType = sourcecode.swift; path = NumericType.swift; sourceTree = "<group>"; };
/* End PBXFileReference section */

/* Begin PBXFrameworksBuildPhase section */
		D37FBC791AF34DE100381C7F /* Frameworks */ = {
			isa = PBXFrameworksBuildPhase;
			buildActionMask = 2147483647;
			files = (
			);
			runOnlyForDeploymentPostprocessing = 0;
		};
		D3B7BC6719EA383A00F50DF7 /* Frameworks */ = {
			isa = PBXFrameworksBuildPhase;
			buildActionMask = 2147483647;
			files = (
				B2B31E5C4E30211FC85A4DB9 /* libPods.a in Frameworks */,
			);
			runOnlyForDeploymentPostprocessing = 0;
		};
/* End PBXFrameworksBuildPhase section */

/* Begin PBXGroup section */
		0588C91E349A150BB0A9B1EB /* Frameworks */ = {
			isa = PBXGroup;
			children = (
				B1113560EAB34F926CF979D1 /* libPods.a */,
			);
			name = Frameworks;
			sourceTree = "<group>";
		};
		D30771981A869B10003BA7E1 /* Numbers */ = {
			isa = PBXGroup;
			children = (
				D307716C1A869B06003BA7E1 /* num-01@2x.png */,
				D307716D1A869B06003BA7E1 /* num-02@2x.png */,
				D307716E1A869B06003BA7E1 /* num-03@2x.png */,
				D307716F1A869B06003BA7E1 /* num-04@2x.png */,
				D30771701A869B06003BA7E1 /* num-05@2x.png */,
				D30771711A869B06003BA7E1 /* num-06@2x.png */,
				D30771721A869B06003BA7E1 /* num-07@2x.png */,
				D30771731A869B06003BA7E1 /* num-08@2x.png */,
				D30771741A869B06003BA7E1 /* num-09@2x.png */,
				D30771751A869B06003BA7E1 /* num-10@2x.png */,
				D30771761A869B06003BA7E1 /* num-11@2x.png */,
				D30771771A869B06003BA7E1 /* num-12@2x.png */,
				D30771781A869B06003BA7E1 /* num-13@2x.png */,
				D30771791A869B06003BA7E1 /* num-14@2x.png */,
				D307717A1A869B06003BA7E1 /* num-15@2x.png */,
				D307717B1A869B06003BA7E1 /* num-16@2x.png */,
				D307717C1A869B06003BA7E1 /* num-17@2x.png */,
				D307717D1A869B06003BA7E1 /* num-18@2x.png */,
				D307717E1A869B06003BA7E1 /* num-19@2x.png */,
				D307717F1A869B06003BA7E1 /* num-20@2x.png */,
				D30771801A869B06003BA7E1 /* num-21@2x.png */,
				D30771811A869B06003BA7E1 /* num-22@2x.png */,
			);
			name = Numbers;
			path = ..;
			sourceTree = "<group>";
		};
		D30E035D1B20F7630019914B /* CachingUI */ = {
			isa = PBXGroup;
			children = (
				D3BF13FB1B05675100D0C3E1 /* TimerViewController+Cache.swift */,
				D30E03571B20F24D0019914B /* MovieMaker.swift */,
				D30E035A1B20F2ED0019914B /* CacheWheelState.swift */,
				D32519321B0AA5B9007965DD /* BDYMovieMakerHelper.h */,
				D32519331B0AA5B9007965DD /* BDYMovieMakerHelper.m */,
				D3A434241B015CA0001DD6A2 /* FramesToMovie.h */,
				D3A4341F1B015BA8001DD6A2 /* FramesToMovie.m */,
			);
			name = CachingUI;
			sourceTree = "<group>";
		};
		D335407D1A3764E80064C81C /* GavinPoses */ = {
			isa = PBXGroup;
			children = (
				D335407E1A3764E80064C81C /* Gavin Poses-s01.png */,
				D335407F1A3764E80064C81C /* Gavin Poses-s01@2x.png */,
				D33540801A3764E80064C81C /* Gavin Poses-s01@3x.png */,
				D33540811A3764E80064C81C /* Gavin Poses-s02.png */,
				D33540821A3764E80064C81C /* Gavin Poses-s02@2x.png */,
				D33540831A3764E80064C81C /* Gavin Poses-s02@3x.png */,
				D33540841A3764E80064C81C /* Gavin Poses-s03.png */,
				D33540851A3764E80064C81C /* Gavin Poses-s03@2x.png */,
				D33540861A3764E80064C81C /* Gavin Poses-s03@3x.png */,
				D33540871A3764E80064C81C /* Gavin Poses-s04.png */,
				D33540881A3764E80064C81C /* Gavin Poses-s04@2x.png */,
				D33540891A3764E80064C81C /* Gavin Poses-s04@3x.png */,
				D335408A1A3764E80064C81C /* Gavin Poses-s05.png */,
				D335408B1A3764E80064C81C /* Gavin Poses-s05@2x.png */,
				D335408C1A3764E80064C81C /* Gavin Poses-s05@3x.png */,
				D335408D1A3764E80064C81C /* Gavin Poses-s06.png */,
				D335408E1A3764E80064C81C /* Gavin Poses-s06@2x.png */,
				D335408F1A3764E80064C81C /* Gavin Poses-s06@3x.png */,
				D33540901A3764E80064C81C /* Gavin Poses-s07.png */,
				D33540911A3764E80064C81C /* Gavin Poses-s07@2x.png */,
				D33540921A3764E80064C81C /* Gavin Poses-s07@3x.png */,
				D33540931A3764E80064C81C /* Gavin Poses-s08.png */,
				D33540941A3764E80064C81C /* Gavin Poses-s08@2x.png */,
				D33540951A3764E80064C81C /* Gavin Poses-s08@3x.png */,
				D33540961A3764E80064C81C /* Gavin Poses-s09.png */,
				D33540971A3764E80064C81C /* Gavin Poses-s09@2x.png */,
				D33540981A3764E80064C81C /* Gavin Poses-s09@3x.png */,
				D33540991A3764E80064C81C /* Gavin Poses-s10.png */,
				D335409A1A3764E80064C81C /* Gavin Poses-s10@2x.png */,
				D335409B1A3764E80064C81C /* Gavin Poses-s10@3x.png */,
			);
			path = GavinPoses;
			sourceTree = "<group>";
		};
		D37FBC7D1AF34DE100381C7F /* ImageWheel */ = {
			isa = PBXGroup;
			children = (
				D3B29F7F1AF5264200C2C067 /* ContainerView.swift */,
				D37FBCD41AF3522700381C7F /* ImageWheel-Bridging-Header.h */,
				D37FBC801AF34DE100381C7F /* AppDelegate.swift */,
				D37FBC821AF34DE100381C7F /* ViewController.swift */,
				D37FBC841AF34DE100381C7F /* Main.storyboard */,
				D37FBC871AF34DE100381C7F /* Images.xcassets */,
				D37FBC891AF34DE100381C7F /* LaunchScreen.xib */,
				D37FBC7E1AF34DE100381C7F /* Supporting Files */,
			);
			path = ImageWheel;
			sourceTree = "<group>";
		};
		D37FBC7E1AF34DE100381C7F /* Supporting Files */ = {
			isa = PBXGroup;
			children = (
				D37FBC7F1AF34DE100381C7F /* Info.plist */,
			);
			name = "Supporting Files";
			sourceTree = "<group>";
		};
		D388C3041A9F7B5D007D4F8B /* POP-Wrapper */ = {
			isa = PBXGroup;
			children = (
				D388C2FF1A9F7B50007D4F8B /* POPProperty.swift */,
				D388C3001A9F7B50007D4F8B /* POPSwiftWrapper.h */,
				D388C3011A9F7B50007D4F8B /* POPSwiftWrapper.m */,
			);
			name = "POP-Wrapper";
			sourceTree = "<group>";
		};
		D3B7BC6119EA383A00F50DF7 = {
			isa = PBXGroup;
			children = (
				D3B7BC6C19EA383A00F50DF7 /* TeethTimer */,
				D3B7BC8219EA383A00F50DF7 /* TeethTimerTests */,
				D37FBC7D1AF34DE100381C7F /* ImageWheel */,
				D3B7BC6B19EA383A00F50DF7 /* Products */,
				D7D25F379C44550B89AD1B67 /* Pods */,
				0588C91E349A150BB0A9B1EB /* Frameworks */,
			);
			sourceTree = "<group>";
		};
		D3B7BC6B19EA383A00F50DF7 /* Products */ = {
			isa = PBXGroup;
			children = (
				D3B7BC6A19EA383A00F50DF7 /* TeethTimer.app */,
				D37FBC7C1AF34DE100381C7F /* ImageWheel.app */,
			);
			name = Products;
			sourceTree = "<group>";
		};
		D3B7BC6C19EA383A00F50DF7 /* TeethTimer */ = {
			isa = PBXGroup;
			children = (
				D3B7BC7319EA383A00F50DF7 /* Main.storyboard */,
				D3B7BC7819EA383A00F50DF7 /* LaunchScreen.xib */,
				D3B7BC6F19EA383A00F50DF7 /* AppDelegate.swift */,
				D3B7BC7119EA383A00F50DF7 /* TimerViewController.swift */,
				D347A2381B2C7D3100E5256C /* TimerViewController+Background.swift */,
				D3B95AD31ADB3CA300883051 /* SnapshotView.swift */,
				D35ED7B21AED6012001DFF20 /* VideoView.swift */,
				D30E035D1B20F7630019914B /* CachingUI */,
				D3F72EAA1B2BFC61005C6F94 /* Shared Classes */,
				D3F72EAB1B2BFCBC005C6F94 /* Helper Classes */,
				D3864F581AF69FBE00B787B4 /* Async.swift */,
				D3485C8319ECE77200C6E495 /* MyPlayground.playground */,
				D34DC0551A0FF26000AA7420 /* Settings.bundle */,
				D3B7BC6D19EA383A00F50DF7 /* Supporting Files */,
				D388C3041A9F7B5D007D4F8B /* POP-Wrapper */,
				D388C2E41A9EE256007D4F8B /* TeethTimer-Bridging-Header.h */,
				D3207F2C1ADAC00900ABE2FC /* UIImage+ImageEffects.h */,
				D3207F2D1ADAC00900ABE2FC /* UIImage+ImageEffects.m */,
			);
			path = TeethTimer;
			sourceTree = "<group>";
		};
		D3B7BC6D19EA383A00F50DF7 /* Supporting Files */ = {
			isa = PBXGroup;
			children = (
				D38CA8341B2386680029A212 /* TeethTimer.mp4 */,
				D328E5091AF08DC000144E3B /* forward-lg.mp4 */,
				D328E50A1AF08DC000144E3B /* forward.mp4 */,
				D34F10BA1AAEAE88009E2A9B /* WheelImage.png */,
				D34F10BB1AAEAE88009E2A9B /* WheelImageType.png */,
				D335407D1A3764E80064C81C /* GavinPoses */,
				D30771981A869B10003BA7E1 /* Numbers */,
				D3B7BC6E19EA383A00F50DF7 /* Info.plist */,
			);
			name = "Supporting Files";
			sourceTree = "<group>";
		};
		D3B7BC8219EA383A00F50DF7 /* TeethTimerTests */ = {
			isa = PBXGroup;
			children = (
				D3B7BC8519EA383A00F50DF7 /* TeethTimerTests.swift */,
				D3B7BC8319EA383A00F50DF7 /* Supporting Files */,
			);
			path = TeethTimerTests;
			sourceTree = "<group>";
		};
		D3B7BC8319EA383A00F50DF7 /* Supporting Files */ = {
			isa = PBXGroup;
			children = (
				D3B7BC8419EA383A00F50DF7 /* Info.plist */,
			);
			name = "Supporting Files";
			sourceTree = "<group>";
		};
		D3F72EAA1B2BFC61005C6F94 /* Shared Classes */ = {
			isa = PBXGroup;
			children = (
				D3485C8419ECEEB900C6E495 /* Timer.swift */,
				D34F10B81AAEA1D0009E2A9B /* WheelControl.swift */,
				D3F72EA71B2BEA21005C6F94 /* WheelControl+Types.swift */,
				D32625901B2799D9002379C1 /* Revolution.swift */,
				D3CEFEE71B2A302400AE6A6D /* Angle.swift */,
				D36DB7361AB7D03800F080C8 /* ImageWheel.swift */,
				D31F389B1B2DF8CF0009E0B8 /* Int+Parity.swift */,
				D3DC4C471A95877400984A24 /* ImageWheel+Types.swift */,
				D3CDA2D11AF32EBD00243AFF /* PieImageView.swift */,
				D37FBC761AF3308500381C7F /* WedgeImageView.swift */,
				D3CDA2CE1AF32E6300243AFF /* PieSliceLayer.h */,
				D3CDA2CF1AF32E6300243AFF /* PieSliceLayer.m */,
				D3F8609D1B294C0300C68C08 /* NumericType.swift */,
			);
			name = "Shared Classes";
			sourceTree = "<group>";
		};
		D3F72EAB1B2BFCBC005C6F94 /* Helper Classes */ = {
			isa = PBXGroup;
			children = (
				D341D23E1AC1FB24007D0593 /* Developement.swift */,
				D31F95E01A2C5FE700219B32 /* ColorImage.swift */,
				D30EDFA51AD2F8C100E76327 /* SystemVersion.swift */,
				D30771991A88001B003BA7E1 /* BCYStandardLibrary.swift */,
			);
			name = "Helper Classes";
			sourceTree = "<group>";
		};
		D7D25F379C44550B89AD1B67 /* Pods */ = {
			isa = PBXGroup;
			children = (
				A8D8BE3E5746E8CC9B850697 /* Pods.debug.xcconfig */,
				494890643301A07092EB8CC0 /* Pods.release.xcconfig */,
			);
			name = Pods;
			sourceTree = "<group>";
		};
/* End PBXGroup section */

/* Begin PBXNativeTarget section */
		D37FBC7B1AF34DE100381C7F /* ImageWheel */ = {
			isa = PBXNativeTarget;
			buildConfigurationList = D37FBC981AF34DE100381C7F /* Build configuration list for PBXNativeTarget "ImageWheel" */;
			buildPhases = (
				D37FBC781AF34DE100381C7F /* Sources */,
				D37FBC791AF34DE100381C7F /* Frameworks */,
				D37FBC7A1AF34DE100381C7F /* Resources */,
			);
			buildRules = (
			);
			dependencies = (
			);
			name = ImageWheel;
			productName = ImageWheel;
			productReference = D37FBC7C1AF34DE100381C7F /* ImageWheel.app */;
			productType = "com.apple.product-type.application";
		};
		D3B7BC6919EA383A00F50DF7 /* TeethTimer */ = {
			isa = PBXNativeTarget;
			buildConfigurationList = D3B7BC8919EA383A00F50DF7 /* Build configuration list for PBXNativeTarget "TeethTimer" */;
			buildPhases = (
				128885417291DA3B80C53879 /* Check Pods Manifest.lock */,
				D3B7BC6619EA383A00F50DF7 /* Sources */,
				D3B7BC6719EA383A00F50DF7 /* Frameworks */,
				D3B7BC6819EA383A00F50DF7 /* Resources */,
				562005A17CE1462DA7BDB754 /* Copy Pods Resources */,
			);
			buildRules = (
			);
			dependencies = (
			);
			name = TeethTimer;
			productName = TeethTimer;
			productReference = D3B7BC6A19EA383A00F50DF7 /* TeethTimer.app */;
			productType = "com.apple.product-type.application";
		};
/* End PBXNativeTarget section */

/* Begin PBXProject section */
		D3B7BC6219EA383A00F50DF7 /* Project object */ = {
			isa = PBXProject;
			attributes = {
				LastUpgradeCheck = 0600;
				ORGANIZATIONNAME = "Brian Young";
				TargetAttributes = {
					D37FBC7B1AF34DE100381C7F = {
						CreatedOnToolsVersion = 6.3.1;
						DevelopmentTeam = YJ4PN236TF;
					};
					D3B7BC6919EA383A00F50DF7 = {
						CreatedOnToolsVersion = 6.0;
						DevelopmentTeam = YJ4PN236TF;
					};
				};
			};
			buildConfigurationList = D3B7BC6519EA383A00F50DF7 /* Build configuration list for PBXProject "TeethTimer" */;
			compatibilityVersion = "Xcode 3.2";
			developmentRegion = English;
			hasScannedForEncodings = 0;
			knownRegions = (
				en,
				Base,
			);
			mainGroup = D3B7BC6119EA383A00F50DF7;
			productRefGroup = D3B7BC6B19EA383A00F50DF7 /* Products */;
			projectDirPath = "";
			projectRoot = "";
			targets = (
				D3B7BC6919EA383A00F50DF7 /* TeethTimer */,
				D37FBC7B1AF34DE100381C7F /* ImageWheel */,
			);
		};
/* End PBXProject section */

/* Begin PBXResourcesBuildPhase section */
		D37FBC7A1AF34DE100381C7F /* Resources */ = {
			isa = PBXResourcesBuildPhase;
			buildActionMask = 2147483647;
			files = (
				D37FBCA51AF34E5200381C7F /* Gavin Poses-s01.png in Resources */,
				D37FBCA61AF34E5200381C7F /* Gavin Poses-s01@2x.png in Resources */,
				D37FBCA71AF34E5200381C7F /* Gavin Poses-s01@3x.png in Resources */,
				D37FBCA81AF34E5200381C7F /* Gavin Poses-s02.png in Resources */,
				D37FBCA91AF34E5200381C7F /* Gavin Poses-s02@2x.png in Resources */,
				D37FBCAA1AF34E5200381C7F /* Gavin Poses-s02@3x.png in Resources */,
				D37FBCAB1AF34E5200381C7F /* Gavin Poses-s03.png in Resources */,
				D37FBCAC1AF34E5200381C7F /* Gavin Poses-s03@2x.png in Resources */,
				D37FBCAD1AF34E5200381C7F /* Gavin Poses-s03@3x.png in Resources */,
				D37FBCAE1AF34E5200381C7F /* Gavin Poses-s04.png in Resources */,
				D37FBCAF1AF34E5200381C7F /* Gavin Poses-s04@2x.png in Resources */,
				D37FBCB01AF34E5200381C7F /* Gavin Poses-s04@3x.png in Resources */,
				D37FBCB11AF34E5200381C7F /* Gavin Poses-s05.png in Resources */,
				D37FBCB21AF34E5200381C7F /* Gavin Poses-s05@2x.png in Resources */,
				D37FBCB31AF34E5200381C7F /* Gavin Poses-s05@3x.png in Resources */,
				D37FBCB41AF34E5200381C7F /* Gavin Poses-s06.png in Resources */,
				D37FBCB51AF34E5200381C7F /* Gavin Poses-s06@2x.png in Resources */,
				D37FBCB61AF34E5200381C7F /* Gavin Poses-s06@3x.png in Resources */,
				D37FBCB71AF34E5200381C7F /* Gavin Poses-s07.png in Resources */,
				D37FBCB81AF34E5200381C7F /* Gavin Poses-s07@2x.png in Resources */,
				D37FBCB91AF34E5200381C7F /* Gavin Poses-s07@3x.png in Resources */,
				D37FBCBA1AF34E5200381C7F /* Gavin Poses-s08.png in Resources */,
				D37FBCBB1AF34E5200381C7F /* Gavin Poses-s08@2x.png in Resources */,
				D37FBCBC1AF34E5200381C7F /* Gavin Poses-s08@3x.png in Resources */,
				D37FBCBD1AF34E5200381C7F /* Gavin Poses-s09.png in Resources */,
				D37FBCBE1AF34E5200381C7F /* Gavin Poses-s09@2x.png in Resources */,
				D37FBCBF1AF34E5200381C7F /* Gavin Poses-s09@3x.png in Resources */,
				D37FBCC01AF34E5200381C7F /* Gavin Poses-s10.png in Resources */,
				D37FBCC11AF34E5200381C7F /* Gavin Poses-s10@2x.png in Resources */,
				D37FBCC21AF34E5200381C7F /* Gavin Poses-s10@3x.png in Resources */,
				D37FBC861AF34DE100381C7F /* Main.storyboard in Resources */,
				D37FBC8B1AF34DE100381C7F /* LaunchScreen.xib in Resources */,
				D37FBC881AF34DE100381C7F /* Images.xcassets in Resources */,
			);
			runOnlyForDeploymentPostprocessing = 0;
		};
		D3B7BC6819EA383A00F50DF7 /* Resources */ = {
			isa = PBXResourcesBuildPhase;
			buildActionMask = 2147483647;
			files = (
				D33540A01A3764E80064C81C /* Gavin Poses-s01@3x.png in Resources */,
				D33540B01A3764E80064C81C /* Gavin Poses-s04@2x.png in Resources */,
				D3B7BC7519EA383A00F50DF7 /* Main.storyboard in Resources */,
				D33540CE1A3764E80064C81C /* Gavin Poses-s09@2x.png in Resources */,
				D34DC0561A0FF26000AA7420 /* Settings.bundle in Resources */,
				D33540D41A3764E80064C81C /* Gavin Poses-s10@2x.png in Resources */,
				D33540C41A3764E80064C81C /* Gavin Poses-s07@3x.png in Resources */,
				D33540D21A3764E80064C81C /* Gavin Poses-s10.png in Resources */,
				D33540AE1A3764E80064C81C /* Gavin Poses-s04.png in Resources */,
				D33540B81A3764E80064C81C /* Gavin Poses-s05@3x.png in Resources */,
				D33540C61A3764E80064C81C /* Gavin Poses-s08.png in Resources */,
				D33540C01A3764E80064C81C /* Gavin Poses-s07.png in Resources */,
				D33540C81A3764E80064C81C /* Gavin Poses-s08@2x.png in Resources */,
				D3B7BC7A19EA383A00F50DF7 /* LaunchScreen.xib in Resources */,
				D33540D61A3764E80064C81C /* Gavin Poses-s10@3x.png in Resources */,
				D33540B41A3764E80064C81C /* Gavin Poses-s05.png in Resources */,
				D33540BE1A3764E80064C81C /* Gavin Poses-s06@3x.png in Resources */,
				D33540B21A3764E80064C81C /* Gavin Poses-s04@3x.png in Resources */,
				D335409C1A3764E80064C81C /* Gavin Poses-s01.png in Resources */,
				D33540A41A3764E80064C81C /* Gavin Poses-s02@2x.png in Resources */,
				D33540A61A3764E80064C81C /* Gavin Poses-s02@3x.png in Resources */,
				D33540A81A3764E80064C81C /* Gavin Poses-s03.png in Resources */,
				D33540BC1A3764E80064C81C /* Gavin Poses-s06@2x.png in Resources */,
				D33540C21A3764E80064C81C /* Gavin Poses-s07@2x.png in Resources */,
				D328E50E1AF08DC000144E3B /* forward.mp4 in Resources */,
				D33540B61A3764E80064C81C /* Gavin Poses-s05@2x.png in Resources */,
				D33540CC1A3764E80064C81C /* Gavin Poses-s09.png in Resources */,
				D33540AA1A3764E80064C81C /* Gavin Poses-s03@2x.png in Resources */,
				D33540AC1A3764E80064C81C /* Gavin Poses-s03@3x.png in Resources */,
				D33540D01A3764E80064C81C /* Gavin Poses-s09@3x.png in Resources */,
				D335409E1A3764E80064C81C /* Gavin Poses-s01@2x.png in Resources */,
				D33540A21A3764E80064C81C /* Gavin Poses-s02.png in Resources */,
				D33540BA1A3764E80064C81C /* Gavin Poses-s06.png in Resources */,
				D33540CA1A3764E80064C81C /* Gavin Poses-s08@3x.png in Resources */,
				D30771821A869B06003BA7E1 /* num-01@2x.png in Resources */,
				D30771831A869B06003BA7E1 /* num-02@2x.png in Resources */,
				D30771841A869B06003BA7E1 /* num-03@2x.png in Resources */,
				D328E50D1AF08DC000144E3B /* forward-lg.mp4 in Resources */,
				D30771851A869B06003BA7E1 /* num-04@2x.png in Resources */,
				D30771861A869B06003BA7E1 /* num-05@2x.png in Resources */,
				D30771871A869B06003BA7E1 /* num-06@2x.png in Resources */,
				D30771881A869B06003BA7E1 /* num-07@2x.png in Resources */,
				D30771891A869B06003BA7E1 /* num-08@2x.png in Resources */,
				D307718A1A869B06003BA7E1 /* num-09@2x.png in Resources */,
				D307718B1A869B06003BA7E1 /* num-10@2x.png in Resources */,
				D307718C1A869B06003BA7E1 /* num-11@2x.png in Resources */,
				D38CA8351B2386680029A212 /* TeethTimer.mp4 in Resources */,
				D307718D1A869B06003BA7E1 /* num-12@2x.png in Resources */,
				D307718E1A869B06003BA7E1 /* num-13@2x.png in Resources */,
				D307718F1A869B06003BA7E1 /* num-14@2x.png in Resources */,
				D30771901A869B06003BA7E1 /* num-15@2x.png in Resources */,
				D30771911A869B06003BA7E1 /* num-16@2x.png in Resources */,
				D30771921A869B06003BA7E1 /* num-17@2x.png in Resources */,
				D30771931A869B06003BA7E1 /* num-18@2x.png in Resources */,
				D30771941A869B06003BA7E1 /* num-19@2x.png in Resources */,
				D30771951A869B06003BA7E1 /* num-20@2x.png in Resources */,
				D30771961A869B06003BA7E1 /* num-21@2x.png in Resources */,
				D30771971A869B06003BA7E1 /* num-22@2x.png in Resources */,
				D34F10BD1AAEAE88009E2A9B /* WheelImageType.png in Resources */,
				D34F10BC1AAEAE88009E2A9B /* WheelImage.png in Resources */,
			);
			runOnlyForDeploymentPostprocessing = 0;
		};
/* End PBXResourcesBuildPhase section */

/* Begin PBXShellScriptBuildPhase section */
		128885417291DA3B80C53879 /* Check Pods Manifest.lock */ = {
			isa = PBXShellScriptBuildPhase;
			buildActionMask = 2147483647;
			files = (
			);
			inputPaths = (
			);
			name = "Check Pods Manifest.lock";
			outputPaths = (
			);
			runOnlyForDeploymentPostprocessing = 0;
			shellPath = /bin/sh;
			shellScript = "diff \"${PODS_ROOT}/../Podfile.lock\" \"${PODS_ROOT}/Manifest.lock\" > /dev/null\nif [[ $? != 0 ]] ; then\n    cat << EOM\nerror: The sandbox is not in sync with the Podfile.lock. Run 'pod install' or update your CocoaPods installation.\nEOM\n    exit 1\nfi\n";
			showEnvVarsInLog = 0;
		};
		562005A17CE1462DA7BDB754 /* Copy Pods Resources */ = {
			isa = PBXShellScriptBuildPhase;
			buildActionMask = 2147483647;
			files = (
			);
			inputPaths = (
			);
			name = "Copy Pods Resources";
			outputPaths = (
			);
			runOnlyForDeploymentPostprocessing = 0;
			shellPath = /bin/sh;
			shellScript = "\"${SRCROOT}/Pods/Target Support Files/Pods/Pods-resources.sh\"\n";
			showEnvVarsInLog = 0;
		};
/* End PBXShellScriptBuildPhase section */

/* Begin PBXSourcesBuildPhase section */
		D37FBC781AF34DE100381C7F /* Sources */ = {
			isa = PBXSourcesBuildPhase;
			buildActionMask = 2147483647;
			files = (
				D37FBCD31AF3518A00381C7F /* SystemVersion.swift in Sources */,
				D3B29F801AF5264200C2C067 /* ContainerView.swift in Sources */,
				D3F8609C1B293F5200C68C08 /* Revolution.swift in Sources */,
				D32519351B0AA5B9007965DD /* BDYMovieMakerHelper.m in Sources */,
				D30E03591B20F24D0019914B /* MovieMaker.swift in Sources */,
				D37FBCC81AF34E9300381C7F /* Developement.swift in Sources */,
				D37FBCC91AF34E9300381C7F /* ImageWheel.swift in Sources */,
				D3864F591AF69FBE00B787B4 /* Async.swift in Sources */,
				D37FBCCA1AF34E9300381C7F /* ImageWheel+Types.swift in Sources */,
				D31F389D1B2DF8CF0009E0B8 /* Int+Parity.swift in Sources */,
				D37FBCCB1AF34E9300381C7F /* BCYStandardLibrary.swift in Sources */,
				D37FBCCC1AF34E9300381C7F /* WedgeImageView.swift in Sources */,
				D37FBCCD1AF34E9300381C7F /* PieImageView.swift in Sources */,
				D37FBCCE1AF34E9300381C7F /* TeethTimer-Bridging-Header.h in Sources */,
				D3F8609F1B294C0300C68C08 /* NumericType.swift in Sources */,
				D37FBCCF1AF34E9300381C7F /* UIImage+ImageEffects.h in Sources */,
				D37FBCD01AF34E9300381C7F /* UIImage+ImageEffects.m in Sources */,
				D37FBCD11AF34E9300381C7F /* PieSliceLayer.h in Sources */,
				D3CEFEE91B2A302400AE6A6D /* Angle.swift in Sources */,
				D37FBCD21AF34E9300381C7F /* PieSliceLayer.m in Sources */,
				D30E035C1B20F2ED0019914B /* CacheWheelState.swift in Sources */,
				D37FBC831AF34DE100381C7F /* ViewController.swift in Sources */,
				D37FBC811AF34DE100381C7F /* AppDelegate.swift in Sources */,
			);
			runOnlyForDeploymentPostprocessing = 0;
		};
		D3B7BC6619EA383A00F50DF7 /* Sources */ = {
			isa = PBXSourcesBuildPhase;
			buildActionMask = 2147483647;
			files = (
				D388C3021A9F7B50007D4F8B /* POPProperty.swift in Sources */,
				D3207F2E1ADAC00900ABE2FC /* UIImage+ImageEffects.m in Sources */,
				D3BF13FC1B05675100D0C3E1 /* TimerViewController+Cache.swift in Sources */,
				D30E035B1B20F2ED0019914B /* CacheWheelState.swift in Sources */,
				D3CEFEE81B2A302400AE6A6D /* Angle.swift in Sources */,
				D3B95AD41ADB3CA300883051 /* SnapshotView.swift in Sources */,
				D37FBC771AF3308500381C7F /* WedgeImageView.swift in Sources */,
				D3B7BC7219EA383A00F50DF7 /* TimerViewController.swift in Sources */,
				D34F10B91AAEA1D0009E2A9B /* WheelControl.swift in Sources */,
				D3CDA2D01AF32E6300243AFF /* PieSliceLayer.m in Sources */,
				D341D23F1AC1FB24007D0593 /* Developement.swift in Sources */,
				D32519341B0AA5B9007965DD /* BDYMovieMakerHelper.m in Sources */,
				D3F72EA81B2BEA21005C6F94 /* WheelControl+Types.swift in Sources */,
				D32519361B0AB048007965DD /* Async.swift in Sources */,
				D35ED7B31AED6012001DFF20 /* VideoView.swift in Sources */,
				D307719A1A88001B003BA7E1 /* BCYStandardLibrary.swift in Sources */,
				D3B7BC7019EA383A00F50DF7 /* AppDelegate.swift in Sources */,
				D388C3031A9F7B50007D4F8B /* POPSwiftWrapper.m in Sources */,
				D347A2391B2C7D3100E5256C /* TimerViewController+Background.swift in Sources */,
				D3F8609E1B294C0300C68C08 /* NumericType.swift in Sources */,
				D3141ECE1AB9F38D00780B72 /* ImageWheel.swift in Sources */,
				D3CDA2D21AF32EBD00243AFF /* PieImageView.swift in Sources */,
				D3DC4C481A95877400984A24 /* ImageWheel+Types.swift in Sources */,
				D30EDFA61AD2F8C100E76327 /* SystemVersion.swift in Sources */,
				D30E03581B20F24D0019914B /* MovieMaker.swift in Sources */,
				D31F389C1B2DF8CF0009E0B8 /* Int+Parity.swift in Sources */,
				D32625911B2799D9002379C1 /* Revolution.swift in Sources */,
				D3485C8519ECEEB900C6E495 /* Timer.swift in Sources */,
				D31F95E11A2C5FE700219B32 /* ColorImage.swift in Sources */,
			);
			runOnlyForDeploymentPostprocessing = 0;
		};
/* End PBXSourcesBuildPhase section */

/* Begin PBXVariantGroup section */
		D37FBC841AF34DE100381C7F /* Main.storyboard */ = {
			isa = PBXVariantGroup;
			children = (
				D37FBC851AF34DE100381C7F /* Base */,
			);
			name = Main.storyboard;
			sourceTree = "<group>";
		};
		D37FBC891AF34DE100381C7F /* LaunchScreen.xib */ = {
			isa = PBXVariantGroup;
			children = (
				D37FBC8A1AF34DE100381C7F /* Base */,
			);
			name = LaunchScreen.xib;
			sourceTree = "<group>";
		};
		D3B7BC7319EA383A00F50DF7 /* Main.storyboard */ = {
			isa = PBXVariantGroup;
			children = (
				D3B7BC7419EA383A00F50DF7 /* Base */,
			);
			name = Main.storyboard;
			sourceTree = "<group>";
		};
		D3B7BC7819EA383A00F50DF7 /* LaunchScreen.xib */ = {
			isa = PBXVariantGroup;
			children = (
				D3B7BC7919EA383A00F50DF7 /* Base */,
			);
			name = LaunchScreen.xib;
			sourceTree = "<group>";
		};
/* End PBXVariantGroup section */

/* Begin XCBuildConfiguration section */
		D37FBC991AF34DE100381C7F /* Debug */ = {
			isa = XCBuildConfiguration;
			buildSettings = {
				ASSETCATALOG_COMPILER_APPICON_NAME = AppIcon;
				CODE_SIGN_IDENTITY = "iPhone Developer";
				DEBUG_INFORMATION_FORMAT = "dwarf-with-dsym";
				GCC_NO_COMMON_BLOCKS = YES;
				GCC_PREPROCESSOR_DEFINITIONS = (
					"DEBUG=1",
					"$(inherited)",
				);
				INFOPLIST_FILE = ImageWheel/Info.plist;
				IPHONEOS_DEPLOYMENT_TARGET = 7.0;
				LD_RUNPATH_SEARCH_PATHS = "$(inherited) @executable_path/Frameworks";
				PRODUCT_NAME = "$(TARGET_NAME)";
				SWIFT_OBJC_BRIDGING_HEADER = "ImageWheel/ImageWheel-Bridging-Header.h";
			};
			name = Debug;
		};
		D37FBC9A1AF34DE100381C7F /* Release */ = {
			isa = XCBuildConfiguration;
			buildSettings = {
				ASSETCATALOG_COMPILER_APPICON_NAME = AppIcon;
				CODE_SIGN_IDENTITY = "iPhone Developer";
				COPY_PHASE_STRIP = NO;
				DEBUG_INFORMATION_FORMAT = "dwarf-with-dsym";
				GCC_NO_COMMON_BLOCKS = YES;
				INFOPLIST_FILE = ImageWheel/Info.plist;
				IPHONEOS_DEPLOYMENT_TARGET = 7.0;
				LD_RUNPATH_SEARCH_PATHS = "$(inherited) @executable_path/Frameworks";
				PRODUCT_NAME = "$(TARGET_NAME)";
				SWIFT_OBJC_BRIDGING_HEADER = "ImageWheel/ImageWheel-Bridging-Header.h";
			};
			name = Release;
		};
		D3B7BC8719EA383A00F50DF7 /* Debug */ = {
			isa = XCBuildConfiguration;
			buildSettings = {
				ALWAYS_SEARCH_USER_PATHS = NO;
				CLANG_CXX_LANGUAGE_STANDARD = "gnu++0x";
				CLANG_CXX_LIBRARY = "libc++";
				CLANG_ENABLE_MODULES = YES;
				CLANG_ENABLE_OBJC_ARC = YES;
				CLANG_WARN_BOOL_CONVERSION = YES;
				CLANG_WARN_CONSTANT_CONVERSION = YES;
				CLANG_WARN_DIRECT_OBJC_ISA_USAGE = YES_ERROR;
				CLANG_WARN_EMPTY_BODY = YES;
				CLANG_WARN_ENUM_CONVERSION = YES;
				CLANG_WARN_INT_CONVERSION = YES;
				CLANG_WARN_OBJC_ROOT_CLASS = YES_ERROR;
				CLANG_WARN_UNREACHABLE_CODE = YES;
				CLANG_WARN__DUPLICATE_METHOD_MATCH = YES;
				"CODE_SIGN_IDENTITY[sdk=iphoneos*]" = "iPhone Developer";
				COPY_PHASE_STRIP = NO;
				ENABLE_STRICT_OBJC_MSGSEND = YES;
				GCC_C_LANGUAGE_STANDARD = gnu99;
				GCC_DYNAMIC_NO_PIC = NO;
				GCC_OPTIMIZATION_LEVEL = 0;
				GCC_PREPROCESSOR_DEFINITIONS = (
					"DEBUG=1",
					"$(inherited)",
				);
				GCC_SYMBOLS_PRIVATE_EXTERN = NO;
				GCC_WARN_64_TO_32_BIT_CONVERSION = YES;
				GCC_WARN_ABOUT_RETURN_TYPE = YES_ERROR;
				GCC_WARN_UNDECLARED_SELECTOR = YES;
				GCC_WARN_UNINITIALIZED_AUTOS = YES_AGGRESSIVE;
				GCC_WARN_UNUSED_FUNCTION = YES;
				GCC_WARN_UNUSED_VARIABLE = YES;
				IPHONEOS_DEPLOYMENT_TARGET = 8.0;
				MTL_ENABLE_DEBUG_INFO = YES;
				ONLY_ACTIVE_ARCH = YES;
				SDKROOT = iphoneos;
				SWIFT_OBJC_BRIDGING_HEADER = "TeethTimer/TeethTimer-Bridging-Header.h";
				SWIFT_OPTIMIZATION_LEVEL = "-Onone";
				TARGETED_DEVICE_FAMILY = "1,2";
			};
			name = Debug;
		};
		D3B7BC8819EA383A00F50DF7 /* Release */ = {
			isa = XCBuildConfiguration;
			buildSettings = {
				ALWAYS_SEARCH_USER_PATHS = NO;
				CLANG_CXX_LANGUAGE_STANDARD = "gnu++0x";
				CLANG_CXX_LIBRARY = "libc++";
				CLANG_ENABLE_MODULES = YES;
				CLANG_ENABLE_OBJC_ARC = YES;
				CLANG_WARN_BOOL_CONVERSION = YES;
				CLANG_WARN_CONSTANT_CONVERSION = YES;
				CLANG_WARN_DIRECT_OBJC_ISA_USAGE = YES_ERROR;
				CLANG_WARN_EMPTY_BODY = YES;
				CLANG_WARN_ENUM_CONVERSION = YES;
				CLANG_WARN_INT_CONVERSION = YES;
				CLANG_WARN_OBJC_ROOT_CLASS = YES_ERROR;
				CLANG_WARN_UNREACHABLE_CODE = YES;
				CLANG_WARN__DUPLICATE_METHOD_MATCH = YES;
				"CODE_SIGN_IDENTITY[sdk=iphoneos*]" = "iPhone Developer";
				COPY_PHASE_STRIP = YES;
				ENABLE_NS_ASSERTIONS = NO;
				ENABLE_STRICT_OBJC_MSGSEND = YES;
				GCC_C_LANGUAGE_STANDARD = gnu99;
				GCC_WARN_64_TO_32_BIT_CONVERSION = YES;
				GCC_WARN_ABOUT_RETURN_TYPE = YES_ERROR;
				GCC_WARN_UNDECLARED_SELECTOR = YES;
				GCC_WARN_UNINITIALIZED_AUTOS = YES_AGGRESSIVE;
				GCC_WARN_UNUSED_FUNCTION = YES;
				GCC_WARN_UNUSED_VARIABLE = YES;
				IPHONEOS_DEPLOYMENT_TARGET = 8.0;
				MTL_ENABLE_DEBUG_INFO = NO;
				SDKROOT = iphoneos;
				SWIFT_OBJC_BRIDGING_HEADER = "TeethTimer/TeethTimer-Bridging-Header.h";
				TARGETED_DEVICE_FAMILY = "1,2";
				VALIDATE_PRODUCT = YES;
			};
			name = Release;
		};
		D3B7BC8A19EA383A00F50DF7 /* Debug */ = {
			isa = XCBuildConfiguration;
			baseConfigurationReference = A8D8BE3E5746E8CC9B850697 /* Pods.debug.xcconfig */;
			buildSettings = {
				ASSETCATALOG_COMPILER_APPICON_NAME = AppIcon;
				CLANG_STATIC_ANALYZER_MODE = deep;
				CODE_SIGN_IDENTITY = "iPhone Developer";
				"CODE_SIGN_IDENTITY[sdk=iphoneos*]" = "iPhone Developer";
				FRAMEWORK_SEARCH_PATHS = (
					"$(inherited)",
					"$(PROJECT_DIR)",
				);
				INFOPLIST_FILE = TeethTimer/Info.plist;
				IPHONEOS_DEPLOYMENT_TARGET = 7.1;
				LD_RUNPATH_SEARCH_PATHS = "$(inherited) @executable_path/Frameworks";
				PRODUCT_NAME = "$(TARGET_NAME)";
				PROVISIONING_PROFILE = "";
				TARGETED_DEVICE_FAMILY = 1;
			};
			name = Debug;
		};
		D3B7BC8B19EA383A00F50DF7 /* Release */ = {
			isa = XCBuildConfiguration;
			baseConfigurationReference = 494890643301A07092EB8CC0 /* Pods.release.xcconfig */;
			buildSettings = {
				ASSETCATALOG_COMPILER_APPICON_NAME = AppIcon;
				CLANG_STATIC_ANALYZER_MODE = deep;
				CODE_SIGN_IDENTITY = "iPhone Developer";
				"CODE_SIGN_IDENTITY[sdk=iphoneos*]" = "iPhone Developer";
				FRAMEWORK_SEARCH_PATHS = (
					"$(inherited)",
					"$(PROJECT_DIR)",
				);
				INFOPLIST_FILE = TeethTimer/Info.plist;
				IPHONEOS_DEPLOYMENT_TARGET = 7.1;
				LD_RUNPATH_SEARCH_PATHS = "$(inherited) @executable_path/Frameworks";
				PRODUCT_NAME = "$(TARGET_NAME)";
				PROVISIONING_PROFILE = "";
				TARGETED_DEVICE_FAMILY = 1;
			};
			name = Release;
		};
/* End XCBuildConfiguration section */

/* Begin XCConfigurationList section */
		D37FBC981AF34DE100381C7F /* Build configuration list for PBXNativeTarget "ImageWheel" */ = {
			isa = XCConfigurationList;
			buildConfigurations = (
				D37FBC991AF34DE100381C7F /* Debug */,
				D37FBC9A1AF34DE100381C7F /* Release */,
			);
			defaultConfigurationIsVisible = 0;
			defaultConfigurationName = Release;
		};
		D3B7BC6519EA383A00F50DF7 /* Build configuration list for PBXProject "TeethTimer" */ = {
			isa = XCConfigurationList;
			buildConfigurations = (
				D3B7BC8719EA383A00F50DF7 /* Debug */,
				D3B7BC8819EA383A00F50DF7 /* Release */,
			);
			defaultConfigurationIsVisible = 0;
			defaultConfigurationName = Release;
		};
		D3B7BC8919EA383A00F50DF7 /* Build configuration list for PBXNativeTarget "TeethTimer" */ = {
			isa = XCConfigurationList;
			buildConfigurations = (
				D3B7BC8A19EA383A00F50DF7 /* Debug */,
				D3B7BC8B19EA383A00F50DF7 /* Release */,
			);
			defaultConfigurationIsVisible = 0;
			defaultConfigurationName = Release;
		};
/* End XCConfigurationList section */
	};
	rootObject = D3B7BC6219EA383A00F50DF7 /* Project object */;
}
