// !$*UTF8*$!
{
	archiveVersion = 1;
	classes = {
	};
	objectVersion = 46;
	objects = {

/* Begin PBXBuildFile section */
		D30771821A869B06003BA7E1 /* num-01@2x.png in Resources */ = {isa = PBXBuildFile; fileRef = D307716C1A869B06003BA7E1 /* num-01@2x.png */; };
		D30771831A869B06003BA7E1 /* num-02@2x.png in Resources */ = {isa = PBXBuildFile; fileRef = D307716D1A869B06003BA7E1 /* num-02@2x.png */; };
		D30771841A869B06003BA7E1 /* num-03@2x.png in Resources */ = {isa = PBXBuildFile; fileRef = D307716E1A869B06003BA7E1 /* num-03@2x.png */; };
		D30771851A869B06003BA7E1 /* num-04@2x.png in Resources */ = {isa = PBXBuildFile; fileRef = D307716F1A869B06003BA7E1 /* num-04@2x.png */; };
		D30771861A869B06003BA7E1 /* num-05@2x.png in Resources */ = {isa = PBXBuildFile; fileRef = D30771701A869B06003BA7E1 /* num-05@2x.png */; };
		D30771871A869B06003BA7E1 /* num-06@2x.png in Resources */ = {isa = PBXBuildFile; fileRef = D30771711A869B06003BA7E1 /* num-06@2x.png */; };
		D30771881A869B06003BA7E1 /* num-07@2x.png in Resources */ = {isa = PBXBuildFile; fileRef = D30771721A869B06003BA7E1 /* num-07@2x.png */; };
		D30771891A869B06003BA7E1 /* num-08@2x.png in Resources */ = {isa = PBXBuildFile; fileRef = D30771731A869B06003BA7E1 /* num-08@2x.png */; };
		D307718A1A869B06003BA7E1 /* num-09@2x.png in Resources */ = {isa = PBXBuildFile; fileRef = D30771741A869B06003BA7E1 /* num-09@2x.png */; };
		D307718B1A869B06003BA7E1 /* num-10@2x.png in Resources */ = {isa = PBXBuildFile; fileRef = D30771751A869B06003BA7E1 /* num-10@2x.png */; };
		D307718C1A869B06003BA7E1 /* num-11@2x.png in Resources */ = {isa = PBXBuildFile; fileRef = D30771761A869B06003BA7E1 /* num-11@2x.png */; };
		D307718D1A869B06003BA7E1 /* num-12@2x.png in Resources */ = {isa = PBXBuildFile; fileRef = D30771771A869B06003BA7E1 /* num-12@2x.png */; };
		D307718E1A869B06003BA7E1 /* num-13@2x.png in Resources */ = {isa = PBXBuildFile; fileRef = D30771781A869B06003BA7E1 /* num-13@2x.png */; };
		D307718F1A869B06003BA7E1 /* num-14@2x.png in Resources */ = {isa = PBXBuildFile; fileRef = D30771791A869B06003BA7E1 /* num-14@2x.png */; };
		D30771901A869B06003BA7E1 /* num-15@2x.png in Resources */ = {isa = PBXBuildFile; fileRef = D307717A1A869B06003BA7E1 /* num-15@2x.png */; };
		D30771911A869B06003BA7E1 /* num-16@2x.png in Resources */ = {isa = PBXBuildFile; fileRef = D307717B1A869B06003BA7E1 /* num-16@2x.png */; };
		D30771921A869B06003BA7E1 /* num-17@2x.png in Resources */ = {isa = PBXBuildFile; fileRef = D307717C1A869B06003BA7E1 /* num-17@2x.png */; };
		D30771931A869B06003BA7E1 /* num-18@2x.png in Resources */ = {isa = PBXBuildFile; fileRef = D307717D1A869B06003BA7E1 /* num-18@2x.png */; };
		D30771941A869B06003BA7E1 /* num-19@2x.png in Resources */ = {isa = PBXBuildFile; fileRef = D307717E1A869B06003BA7E1 /* num-19@2x.png */; };
		D30771951A869B06003BA7E1 /* num-20@2x.png in Resources */ = {isa = PBXBuildFile; fileRef = D307717F1A869B06003BA7E1 /* num-20@2x.png */; };
		D30771961A869B06003BA7E1 /* num-21@2x.png in Resources */ = {isa = PBXBuildFile; fileRef = D30771801A869B06003BA7E1 /* num-21@2x.png */; };
		D30771971A869B06003BA7E1 /* num-22@2x.png in Resources */ = {isa = PBXBuildFile; fileRef = D30771811A869B06003BA7E1 /* num-22@2x.png */; };
		D307719A1A88001B003BA7E1 /* BCYStandardLibrary.swift in Sources */ = {isa = PBXBuildFile; fileRef = D30771991A88001B003BA7E1 /* BCYStandardLibrary.swift */; };
		D307719B1A88001B003BA7E1 /* BCYStandardLibrary.swift in Sources */ = {isa = PBXBuildFile; fileRef = D30771991A88001B003BA7E1 /* BCYStandardLibrary.swift */; };
		D307719D1A8873DB003BA7E1 /* ImageWheelInteractionState.swift in Sources */ = {isa = PBXBuildFile; fileRef = D307719C1A8873DB003BA7E1 /* ImageWheelInteractionState.swift */; };
		D307719E1A8873DB003BA7E1 /* ImageWheelInteractionState.swift in Sources */ = {isa = PBXBuildFile; fileRef = D307719C1A8873DB003BA7E1 /* ImageWheelInteractionState.swift */; };
		D31F95E11A2C5FE700219B32 /* ColorImage.swift in Sources */ = {isa = PBXBuildFile; fileRef = D31F95E01A2C5FE700219B32 /* ColorImage.swift */; };
		D31F95E21A2C5FE700219B32 /* ColorImage.swift in Sources */ = {isa = PBXBuildFile; fileRef = D31F95E01A2C5FE700219B32 /* ColorImage.swift */; };
		D335409C1A3764E80064C81C /* Gavin Poses-s01.png in Resources */ = {isa = PBXBuildFile; fileRef = D335407E1A3764E80064C81C /* Gavin Poses-s01.png */; };
		D335409D1A3764E80064C81C /* Gavin Poses-s01.png in Resources */ = {isa = PBXBuildFile; fileRef = D335407E1A3764E80064C81C /* Gavin Poses-s01.png */; };
		D335409E1A3764E80064C81C /* Gavin Poses-s01@2x.png in Resources */ = {isa = PBXBuildFile; fileRef = D335407F1A3764E80064C81C /* Gavin Poses-s01@2x.png */; };
		D335409F1A3764E80064C81C /* Gavin Poses-s01@2x.png in Resources */ = {isa = PBXBuildFile; fileRef = D335407F1A3764E80064C81C /* Gavin Poses-s01@2x.png */; };
		D33540A01A3764E80064C81C /* Gavin Poses-s01@3x.png in Resources */ = {isa = PBXBuildFile; fileRef = D33540801A3764E80064C81C /* Gavin Poses-s01@3x.png */; };
		D33540A11A3764E80064C81C /* Gavin Poses-s01@3x.png in Resources */ = {isa = PBXBuildFile; fileRef = D33540801A3764E80064C81C /* Gavin Poses-s01@3x.png */; };
		D33540A21A3764E80064C81C /* Gavin Poses-s02.png in Resources */ = {isa = PBXBuildFile; fileRef = D33540811A3764E80064C81C /* Gavin Poses-s02.png */; };
		D33540A31A3764E80064C81C /* Gavin Poses-s02.png in Resources */ = {isa = PBXBuildFile; fileRef = D33540811A3764E80064C81C /* Gavin Poses-s02.png */; };
		D33540A41A3764E80064C81C /* Gavin Poses-s02@2x.png in Resources */ = {isa = PBXBuildFile; fileRef = D33540821A3764E80064C81C /* Gavin Poses-s02@2x.png */; };
		D33540A51A3764E80064C81C /* Gavin Poses-s02@2x.png in Resources */ = {isa = PBXBuildFile; fileRef = D33540821A3764E80064C81C /* Gavin Poses-s02@2x.png */; };
		D33540A61A3764E80064C81C /* Gavin Poses-s02@3x.png in Resources */ = {isa = PBXBuildFile; fileRef = D33540831A3764E80064C81C /* Gavin Poses-s02@3x.png */; };
		D33540A71A3764E80064C81C /* Gavin Poses-s02@3x.png in Resources */ = {isa = PBXBuildFile; fileRef = D33540831A3764E80064C81C /* Gavin Poses-s02@3x.png */; };
		D33540A81A3764E80064C81C /* Gavin Poses-s03.png in Resources */ = {isa = PBXBuildFile; fileRef = D33540841A3764E80064C81C /* Gavin Poses-s03.png */; };
		D33540A91A3764E80064C81C /* Gavin Poses-s03.png in Resources */ = {isa = PBXBuildFile; fileRef = D33540841A3764E80064C81C /* Gavin Poses-s03.png */; };
		D33540AA1A3764E80064C81C /* Gavin Poses-s03@2x.png in Resources */ = {isa = PBXBuildFile; fileRef = D33540851A3764E80064C81C /* Gavin Poses-s03@2x.png */; };
		D33540AB1A3764E80064C81C /* Gavin Poses-s03@2x.png in Resources */ = {isa = PBXBuildFile; fileRef = D33540851A3764E80064C81C /* Gavin Poses-s03@2x.png */; };
		D33540AC1A3764E80064C81C /* Gavin Poses-s03@3x.png in Resources */ = {isa = PBXBuildFile; fileRef = D33540861A3764E80064C81C /* Gavin Poses-s03@3x.png */; };
		D33540AD1A3764E80064C81C /* Gavin Poses-s03@3x.png in Resources */ = {isa = PBXBuildFile; fileRef = D33540861A3764E80064C81C /* Gavin Poses-s03@3x.png */; };
		D33540AE1A3764E80064C81C /* Gavin Poses-s04.png in Resources */ = {isa = PBXBuildFile; fileRef = D33540871A3764E80064C81C /* Gavin Poses-s04.png */; };
		D33540AF1A3764E80064C81C /* Gavin Poses-s04.png in Resources */ = {isa = PBXBuildFile; fileRef = D33540871A3764E80064C81C /* Gavin Poses-s04.png */; };
		D33540B01A3764E80064C81C /* Gavin Poses-s04@2x.png in Resources */ = {isa = PBXBuildFile; fileRef = D33540881A3764E80064C81C /* Gavin Poses-s04@2x.png */; };
		D33540B11A3764E80064C81C /* Gavin Poses-s04@2x.png in Resources */ = {isa = PBXBuildFile; fileRef = D33540881A3764E80064C81C /* Gavin Poses-s04@2x.png */; };
		D33540B21A3764E80064C81C /* Gavin Poses-s04@3x.png in Resources */ = {isa = PBXBuildFile; fileRef = D33540891A3764E80064C81C /* Gavin Poses-s04@3x.png */; };
		D33540B31A3764E80064C81C /* Gavin Poses-s04@3x.png in Resources */ = {isa = PBXBuildFile; fileRef = D33540891A3764E80064C81C /* Gavin Poses-s04@3x.png */; };
		D33540B41A3764E80064C81C /* Gavin Poses-s05.png in Resources */ = {isa = PBXBuildFile; fileRef = D335408A1A3764E80064C81C /* Gavin Poses-s05.png */; };
		D33540B51A3764E80064C81C /* Gavin Poses-s05.png in Resources */ = {isa = PBXBuildFile; fileRef = D335408A1A3764E80064C81C /* Gavin Poses-s05.png */; };
		D33540B61A3764E80064C81C /* Gavin Poses-s05@2x.png in Resources */ = {isa = PBXBuildFile; fileRef = D335408B1A3764E80064C81C /* Gavin Poses-s05@2x.png */; };
		D33540B71A3764E80064C81C /* Gavin Poses-s05@2x.png in Resources */ = {isa = PBXBuildFile; fileRef = D335408B1A3764E80064C81C /* Gavin Poses-s05@2x.png */; };
		D33540B81A3764E80064C81C /* Gavin Poses-s05@3x.png in Resources */ = {isa = PBXBuildFile; fileRef = D335408C1A3764E80064C81C /* Gavin Poses-s05@3x.png */; };
		D33540B91A3764E80064C81C /* Gavin Poses-s05@3x.png in Resources */ = {isa = PBXBuildFile; fileRef = D335408C1A3764E80064C81C /* Gavin Poses-s05@3x.png */; };
		D33540BA1A3764E80064C81C /* Gavin Poses-s06.png in Resources */ = {isa = PBXBuildFile; fileRef = D335408D1A3764E80064C81C /* Gavin Poses-s06.png */; };
		D33540BB1A3764E80064C81C /* Gavin Poses-s06.png in Resources */ = {isa = PBXBuildFile; fileRef = D335408D1A3764E80064C81C /* Gavin Poses-s06.png */; };
		D33540BC1A3764E80064C81C /* Gavin Poses-s06@2x.png in Resources */ = {isa = PBXBuildFile; fileRef = D335408E1A3764E80064C81C /* Gavin Poses-s06@2x.png */; };
		D33540BD1A3764E80064C81C /* Gavin Poses-s06@2x.png in Resources */ = {isa = PBXBuildFile; fileRef = D335408E1A3764E80064C81C /* Gavin Poses-s06@2x.png */; };
		D33540BE1A3764E80064C81C /* Gavin Poses-s06@3x.png in Resources */ = {isa = PBXBuildFile; fileRef = D335408F1A3764E80064C81C /* Gavin Poses-s06@3x.png */; };
		D33540BF1A3764E80064C81C /* Gavin Poses-s06@3x.png in Resources */ = {isa = PBXBuildFile; fileRef = D335408F1A3764E80064C81C /* Gavin Poses-s06@3x.png */; };
		D33540C01A3764E80064C81C /* Gavin Poses-s07.png in Resources */ = {isa = PBXBuildFile; fileRef = D33540901A3764E80064C81C /* Gavin Poses-s07.png */; };
		D33540C11A3764E80064C81C /* Gavin Poses-s07.png in Resources */ = {isa = PBXBuildFile; fileRef = D33540901A3764E80064C81C /* Gavin Poses-s07.png */; };
		D33540C21A3764E80064C81C /* Gavin Poses-s07@2x.png in Resources */ = {isa = PBXBuildFile; fileRef = D33540911A3764E80064C81C /* Gavin Poses-s07@2x.png */; };
		D33540C31A3764E80064C81C /* Gavin Poses-s07@2x.png in Resources */ = {isa = PBXBuildFile; fileRef = D33540911A3764E80064C81C /* Gavin Poses-s07@2x.png */; };
		D33540C41A3764E80064C81C /* Gavin Poses-s07@3x.png in Resources */ = {isa = PBXBuildFile; fileRef = D33540921A3764E80064C81C /* Gavin Poses-s07@3x.png */; };
		D33540C51A3764E80064C81C /* Gavin Poses-s07@3x.png in Resources */ = {isa = PBXBuildFile; fileRef = D33540921A3764E80064C81C /* Gavin Poses-s07@3x.png */; };
		D33540C61A3764E80064C81C /* Gavin Poses-s08.png in Resources */ = {isa = PBXBuildFile; fileRef = D33540931A3764E80064C81C /* Gavin Poses-s08.png */; };
		D33540C71A3764E80064C81C /* Gavin Poses-s08.png in Resources */ = {isa = PBXBuildFile; fileRef = D33540931A3764E80064C81C /* Gavin Poses-s08.png */; };
		D33540C81A3764E80064C81C /* Gavin Poses-s08@2x.png in Resources */ = {isa = PBXBuildFile; fileRef = D33540941A3764E80064C81C /* Gavin Poses-s08@2x.png */; };
		D33540C91A3764E80064C81C /* Gavin Poses-s08@2x.png in Resources */ = {isa = PBXBuildFile; fileRef = D33540941A3764E80064C81C /* Gavin Poses-s08@2x.png */; };
		D33540CA1A3764E80064C81C /* Gavin Poses-s08@3x.png in Resources */ = {isa = PBXBuildFile; fileRef = D33540951A3764E80064C81C /* Gavin Poses-s08@3x.png */; };
		D33540CB1A3764E80064C81C /* Gavin Poses-s08@3x.png in Resources */ = {isa = PBXBuildFile; fileRef = D33540951A3764E80064C81C /* Gavin Poses-s08@3x.png */; };
		D33540CC1A3764E80064C81C /* Gavin Poses-s09.png in Resources */ = {isa = PBXBuildFile; fileRef = D33540961A3764E80064C81C /* Gavin Poses-s09.png */; };
		D33540CD1A3764E80064C81C /* Gavin Poses-s09.png in Resources */ = {isa = PBXBuildFile; fileRef = D33540961A3764E80064C81C /* Gavin Poses-s09.png */; };
		D33540CE1A3764E80064C81C /* Gavin Poses-s09@2x.png in Resources */ = {isa = PBXBuildFile; fileRef = D33540971A3764E80064C81C /* Gavin Poses-s09@2x.png */; };
		D33540CF1A3764E80064C81C /* Gavin Poses-s09@2x.png in Resources */ = {isa = PBXBuildFile; fileRef = D33540971A3764E80064C81C /* Gavin Poses-s09@2x.png */; };
		D33540D01A3764E80064C81C /* Gavin Poses-s09@3x.png in Resources */ = {isa = PBXBuildFile; fileRef = D33540981A3764E80064C81C /* Gavin Poses-s09@3x.png */; };
		D33540D11A3764E80064C81C /* Gavin Poses-s09@3x.png in Resources */ = {isa = PBXBuildFile; fileRef = D33540981A3764E80064C81C /* Gavin Poses-s09@3x.png */; };
		D33540D21A3764E80064C81C /* Gavin Poses-s10.png in Resources */ = {isa = PBXBuildFile; fileRef = D33540991A3764E80064C81C /* Gavin Poses-s10.png */; };
		D33540D31A3764E80064C81C /* Gavin Poses-s10.png in Resources */ = {isa = PBXBuildFile; fileRef = D33540991A3764E80064C81C /* Gavin Poses-s10.png */; };
		D33540D41A3764E80064C81C /* Gavin Poses-s10@2x.png in Resources */ = {isa = PBXBuildFile; fileRef = D335409A1A3764E80064C81C /* Gavin Poses-s10@2x.png */; };
		D33540D51A3764E80064C81C /* Gavin Poses-s10@2x.png in Resources */ = {isa = PBXBuildFile; fileRef = D335409A1A3764E80064C81C /* Gavin Poses-s10@2x.png */; };
		D33540D61A3764E80064C81C /* Gavin Poses-s10@3x.png in Resources */ = {isa = PBXBuildFile; fileRef = D335409B1A3764E80064C81C /* Gavin Poses-s10@3x.png */; };
		D33540D71A3764E80064C81C /* Gavin Poses-s10@3x.png in Resources */ = {isa = PBXBuildFile; fileRef = D335409B1A3764E80064C81C /* Gavin Poses-s10@3x.png */; };
		D3354FF51A2953E700C667A0 /* ImageWheelControl.swift in Sources */ = {isa = PBXBuildFile; fileRef = D3354FF41A2953E700C667A0 /* ImageWheelControl.swift */; };
		D3354FF61A2953E700C667A0 /* ImageWheelControl.swift in Sources */ = {isa = PBXBuildFile; fileRef = D3354FF41A2953E700C667A0 /* ImageWheelControl.swift */; };
		D3354FF81A298AD100C667A0 /* wedgeRegion.swift in Sources */ = {isa = PBXBuildFile; fileRef = D3354FF71A298AD100C667A0 /* wedgeRegion.swift */; };
		D3354FF91A298AD100C667A0 /* wedgeRegion.swift in Sources */ = {isa = PBXBuildFile; fileRef = D3354FF71A298AD100C667A0 /* wedgeRegion.swift */; };
		D335501A1A299A4900C667A0 /* segment.png in Resources */ = {isa = PBXBuildFile; fileRef = D33550051A299A4900C667A0 /* segment.png */; };
		D335501B1A299A4900C667A0 /* segment.png in Resources */ = {isa = PBXBuildFile; fileRef = D33550051A299A4900C667A0 /* segment.png */; };
		D3485C8519ECEEB900C6E495 /* Timer.swift in Sources */ = {isa = PBXBuildFile; fileRef = D3485C8419ECEEB900C6E495 /* Timer.swift */; };
		D34DC0561A0FF26000AA7420 /* Settings.bundle in Resources */ = {isa = PBXBuildFile; fileRef = D34DC0551A0FF26000AA7420 /* Settings.bundle */; };
		D34DC0571A0FF26000AA7420 /* Settings.bundle in Resources */ = {isa = PBXBuildFile; fileRef = D34DC0551A0FF26000AA7420 /* Settings.bundle */; };
		D3B7BC7019EA383A00F50DF7 /* AppDelegate.swift in Sources */ = {isa = PBXBuildFile; fileRef = D3B7BC6F19EA383A00F50DF7 /* AppDelegate.swift */; };
		D3B7BC7219EA383A00F50DF7 /* TimerViewController.swift in Sources */ = {isa = PBXBuildFile; fileRef = D3B7BC7119EA383A00F50DF7 /* TimerViewController.swift */; };
		D3B7BC7519EA383A00F50DF7 /* Main.storyboard in Resources */ = {isa = PBXBuildFile; fileRef = D3B7BC7319EA383A00F50DF7 /* Main.storyboard */; };
		D3B7BC7A19EA383A00F50DF7 /* LaunchScreen.xib in Resources */ = {isa = PBXBuildFile; fileRef = D3B7BC7819EA383A00F50DF7 /* LaunchScreen.xib */; };
		D3B7BC8619EA383A00F50DF7 /* TeethTimerTests.swift in Sources */ = {isa = PBXBuildFile; fileRef = D3B7BC8519EA383A00F50DF7 /* TeethTimerTests.swift */; };
		D3D406F41A985FA700FDD117 /* ImageWheelControl+Images.swift in Sources */ = {isa = PBXBuildFile; fileRef = D3D406F31A985FA700FDD117 /* ImageWheelControl+Images.swift */; };
		D3DC4C481A95877400984A24 /* ImageWheelVisualState.swift in Sources */ = {isa = PBXBuildFile; fileRef = D3DC4C471A95877400984A24 /* ImageWheelVisualState.swift */; };
		D3DC4C491A95877400984A24 /* ImageWheelVisualState.swift in Sources */ = {isa = PBXBuildFile; fileRef = D3DC4C471A95877400984A24 /* ImageWheelVisualState.swift */; };
/* End PBXBuildFile section */

/* Begin PBXContainerItemProxy section */
		D3B7BC8019EA383A00F50DF7 /* PBXContainerItemProxy */ = {
			isa = PBXContainerItemProxy;
			containerPortal = D3B7BC6219EA383A00F50DF7 /* Project object */;
			proxyType = 1;
			remoteGlobalIDString = D3B7BC6919EA383A00F50DF7;
			remoteInfo = TeethTimer;
		};
/* End PBXContainerItemProxy section */

/* Begin PBXFileReference section */
		D307716C1A869B06003BA7E1 /* num-01@2x.png */ = {isa = PBXFileReference; lastKnownFileType = image.png; name = "num-01@2x.png"; path = "TeethTimer/Numbers/num-01@2x.png"; sourceTree = "<group>"; };
		D307716D1A869B06003BA7E1 /* num-02@2x.png */ = {isa = PBXFileReference; lastKnownFileType = image.png; name = "num-02@2x.png"; path = "TeethTimer/Numbers/num-02@2x.png"; sourceTree = "<group>"; };
		D307716E1A869B06003BA7E1 /* num-03@2x.png */ = {isa = PBXFileReference; lastKnownFileType = image.png; name = "num-03@2x.png"; path = "TeethTimer/Numbers/num-03@2x.png"; sourceTree = "<group>"; };
		D307716F1A869B06003BA7E1 /* num-04@2x.png */ = {isa = PBXFileReference; lastKnownFileType = image.png; name = "num-04@2x.png"; path = "TeethTimer/Numbers/num-04@2x.png"; sourceTree = "<group>"; };
		D30771701A869B06003BA7E1 /* num-05@2x.png */ = {isa = PBXFileReference; lastKnownFileType = image.png; name = "num-05@2x.png"; path = "TeethTimer/Numbers/num-05@2x.png"; sourceTree = "<group>"; };
		D30771711A869B06003BA7E1 /* num-06@2x.png */ = {isa = PBXFileReference; lastKnownFileType = image.png; name = "num-06@2x.png"; path = "TeethTimer/Numbers/num-06@2x.png"; sourceTree = "<group>"; };
		D30771721A869B06003BA7E1 /* num-07@2x.png */ = {isa = PBXFileReference; lastKnownFileType = image.png; name = "num-07@2x.png"; path = "TeethTimer/Numbers/num-07@2x.png"; sourceTree = "<group>"; };
		D30771731A869B06003BA7E1 /* num-08@2x.png */ = {isa = PBXFileReference; lastKnownFileType = image.png; name = "num-08@2x.png"; path = "TeethTimer/Numbers/num-08@2x.png"; sourceTree = "<group>"; };
		D30771741A869B06003BA7E1 /* num-09@2x.png */ = {isa = PBXFileReference; lastKnownFileType = image.png; name = "num-09@2x.png"; path = "TeethTimer/Numbers/num-09@2x.png"; sourceTree = "<group>"; };
		D30771751A869B06003BA7E1 /* num-10@2x.png */ = {isa = PBXFileReference; lastKnownFileType = image.png; name = "num-10@2x.png"; path = "TeethTimer/Numbers/num-10@2x.png"; sourceTree = "<group>"; };
		D30771761A869B06003BA7E1 /* num-11@2x.png */ = {isa = PBXFileReference; lastKnownFileType = image.png; name = "num-11@2x.png"; path = "TeethTimer/Numbers/num-11@2x.png"; sourceTree = "<group>"; };
		D30771771A869B06003BA7E1 /* num-12@2x.png */ = {isa = PBXFileReference; lastKnownFileType = image.png; name = "num-12@2x.png"; path = "TeethTimer/Numbers/num-12@2x.png"; sourceTree = "<group>"; };
		D30771781A869B06003BA7E1 /* num-13@2x.png */ = {isa = PBXFileReference; lastKnownFileType = image.png; name = "num-13@2x.png"; path = "TeethTimer/Numbers/num-13@2x.png"; sourceTree = "<group>"; };
		D30771791A869B06003BA7E1 /* num-14@2x.png */ = {isa = PBXFileReference; lastKnownFileType = image.png; name = "num-14@2x.png"; path = "TeethTimer/Numbers/num-14@2x.png"; sourceTree = "<group>"; };
		D307717A1A869B06003BA7E1 /* num-15@2x.png */ = {isa = PBXFileReference; lastKnownFileType = image.png; name = "num-15@2x.png"; path = "TeethTimer/Numbers/num-15@2x.png"; sourceTree = "<group>"; };
		D307717B1A869B06003BA7E1 /* num-16@2x.png */ = {isa = PBXFileReference; lastKnownFileType = image.png; name = "num-16@2x.png"; path = "TeethTimer/Numbers/num-16@2x.png"; sourceTree = "<group>"; };
		D307717C1A869B06003BA7E1 /* num-17@2x.png */ = {isa = PBXFileReference; lastKnownFileType = image.png; name = "num-17@2x.png"; path = "TeethTimer/Numbers/num-17@2x.png"; sourceTree = "<group>"; };
		D307717D1A869B06003BA7E1 /* num-18@2x.png */ = {isa = PBXFileReference; lastKnownFileType = image.png; name = "num-18@2x.png"; path = "TeethTimer/Numbers/num-18@2x.png"; sourceTree = "<group>"; };
		D307717E1A869B06003BA7E1 /* num-19@2x.png */ = {isa = PBXFileReference; lastKnownFileType = image.png; name = "num-19@2x.png"; path = "TeethTimer/Numbers/num-19@2x.png"; sourceTree = "<group>"; };
		D307717F1A869B06003BA7E1 /* num-20@2x.png */ = {isa = PBXFileReference; lastKnownFileType = image.png; name = "num-20@2x.png"; path = "TeethTimer/Numbers/num-20@2x.png"; sourceTree = "<group>"; };
		D30771801A869B06003BA7E1 /* num-21@2x.png */ = {isa = PBXFileReference; lastKnownFileType = image.png; name = "num-21@2x.png"; path = "TeethTimer/Numbers/num-21@2x.png"; sourceTree = "<group>"; };
		D30771811A869B06003BA7E1 /* num-22@2x.png */ = {isa = PBXFileReference; lastKnownFileType = image.png; name = "num-22@2x.png"; path = "TeethTimer/Numbers/num-22@2x.png"; sourceTree = "<group>"; };
		D30771991A88001B003BA7E1 /* BCYStandardLibrary.swift */ = {isa = PBXFileReference; fileEncoding = 4; lastKnownFileType = sourcecode.swift; path = BCYStandardLibrary.swift; sourceTree = "<group>"; };
		D307719C1A8873DB003BA7E1 /* ImageWheelInteractionState.swift */ = {isa = PBXFileReference; fileEncoding = 4; lastKnownFileType = sourcecode.swift; path = ImageWheelInteractionState.swift; sourceTree = "<group>"; };
		D31F95E01A2C5FE700219B32 /* ColorImage.swift */ = {isa = PBXFileReference; fileEncoding = 4; lastKnownFileType = sourcecode.swift; name = ColorImage.swift; path = ../ColorImage.swift; sourceTree = "<group>"; };
		D335407E1A3764E80064C81C /* Gavin Poses-s01.png */ = {isa = PBXFileReference; lastKnownFileType = image.png; path = "Gavin Poses-s01.png"; sourceTree = "<group>"; };
		D335407F1A3764E80064C81C /* Gavin Poses-s01@2x.png */ = {isa = PBXFileReference; lastKnownFileType = image.png; path = "Gavin Poses-s01@2x.png"; sourceTree = "<group>"; };
		D33540801A3764E80064C81C /* Gavin Poses-s01@3x.png */ = {isa = PBXFileReference; lastKnownFileType = image.png; path = "Gavin Poses-s01@3x.png"; sourceTree = "<group>"; };
		D33540811A3764E80064C81C /* Gavin Poses-s02.png */ = {isa = PBXFileReference; lastKnownFileType = image.png; path = "Gavin Poses-s02.png"; sourceTree = "<group>"; };
		D33540821A3764E80064C81C /* Gavin Poses-s02@2x.png */ = {isa = PBXFileReference; lastKnownFileType = image.png; path = "Gavin Poses-s02@2x.png"; sourceTree = "<group>"; };
		D33540831A3764E80064C81C /* Gavin Poses-s02@3x.png */ = {isa = PBXFileReference; lastKnownFileType = image.png; path = "Gavin Poses-s02@3x.png"; sourceTree = "<group>"; };
		D33540841A3764E80064C81C /* Gavin Poses-s03.png */ = {isa = PBXFileReference; lastKnownFileType = image.png; path = "Gavin Poses-s03.png"; sourceTree = "<group>"; };
		D33540851A3764E80064C81C /* Gavin Poses-s03@2x.png */ = {isa = PBXFileReference; lastKnownFileType = image.png; path = "Gavin Poses-s03@2x.png"; sourceTree = "<group>"; };
		D33540861A3764E80064C81C /* Gavin Poses-s03@3x.png */ = {isa = PBXFileReference; lastKnownFileType = image.png; path = "Gavin Poses-s03@3x.png"; sourceTree = "<group>"; };
		D33540871A3764E80064C81C /* Gavin Poses-s04.png */ = {isa = PBXFileReference; lastKnownFileType = image.png; path = "Gavin Poses-s04.png"; sourceTree = "<group>"; };
		D33540881A3764E80064C81C /* Gavin Poses-s04@2x.png */ = {isa = PBXFileReference; lastKnownFileType = image.png; path = "Gavin Poses-s04@2x.png"; sourceTree = "<group>"; };
		D33540891A3764E80064C81C /* Gavin Poses-s04@3x.png */ = {isa = PBXFileReference; lastKnownFileType = image.png; path = "Gavin Poses-s04@3x.png"; sourceTree = "<group>"; };
		D335408A1A3764E80064C81C /* Gavin Poses-s05.png */ = {isa = PBXFileReference; lastKnownFileType = image.png; path = "Gavin Poses-s05.png"; sourceTree = "<group>"; };
		D335408B1A3764E80064C81C /* Gavin Poses-s05@2x.png */ = {isa = PBXFileReference; lastKnownFileType = image.png; path = "Gavin Poses-s05@2x.png"; sourceTree = "<group>"; };
		D335408C1A3764E80064C81C /* Gavin Poses-s05@3x.png */ = {isa = PBXFileReference; lastKnownFileType = image.png; path = "Gavin Poses-s05@3x.png"; sourceTree = "<group>"; };
		D335408D1A3764E80064C81C /* Gavin Poses-s06.png */ = {isa = PBXFileReference; lastKnownFileType = image.png; path = "Gavin Poses-s06.png"; sourceTree = "<group>"; };
		D335408E1A3764E80064C81C /* Gavin Poses-s06@2x.png */ = {isa = PBXFileReference; lastKnownFileType = image.png; path = "Gavin Poses-s06@2x.png"; sourceTree = "<group>"; };
		D335408F1A3764E80064C81C /* Gavin Poses-s06@3x.png */ = {isa = PBXFileReference; lastKnownFileType = image.png; path = "Gavin Poses-s06@3x.png"; sourceTree = "<group>"; };
		D33540901A3764E80064C81C /* Gavin Poses-s07.png */ = {isa = PBXFileReference; lastKnownFileType = image.png; path = "Gavin Poses-s07.png"; sourceTree = "<group>"; };
		D33540911A3764E80064C81C /* Gavin Poses-s07@2x.png */ = {isa = PBXFileReference; lastKnownFileType = image.png; path = "Gavin Poses-s07@2x.png"; sourceTree = "<group>"; };
		D33540921A3764E80064C81C /* Gavin Poses-s07@3x.png */ = {isa = PBXFileReference; lastKnownFileType = image.png; path = "Gavin Poses-s07@3x.png"; sourceTree = "<group>"; };
		D33540931A3764E80064C81C /* Gavin Poses-s08.png */ = {isa = PBXFileReference; lastKnownFileType = image.png; path = "Gavin Poses-s08.png"; sourceTree = "<group>"; };
		D33540941A3764E80064C81C /* Gavin Poses-s08@2x.png */ = {isa = PBXFileReference; lastKnownFileType = image.png; path = "Gavin Poses-s08@2x.png"; sourceTree = "<group>"; };
		D33540951A3764E80064C81C /* Gavin Poses-s08@3x.png */ = {isa = PBXFileReference; lastKnownFileType = image.png; path = "Gavin Poses-s08@3x.png"; sourceTree = "<group>"; };
		D33540961A3764E80064C81C /* Gavin Poses-s09.png */ = {isa = PBXFileReference; lastKnownFileType = image.png; path = "Gavin Poses-s09.png"; sourceTree = "<group>"; };
		D33540971A3764E80064C81C /* Gavin Poses-s09@2x.png */ = {isa = PBXFileReference; lastKnownFileType = image.png; path = "Gavin Poses-s09@2x.png"; sourceTree = "<group>"; };
		D33540981A3764E80064C81C /* Gavin Poses-s09@3x.png */ = {isa = PBXFileReference; lastKnownFileType = image.png; path = "Gavin Poses-s09@3x.png"; sourceTree = "<group>"; };
		D33540991A3764E80064C81C /* Gavin Poses-s10.png */ = {isa = PBXFileReference; lastKnownFileType = image.png; path = "Gavin Poses-s10.png"; sourceTree = "<group>"; };
		D335409A1A3764E80064C81C /* Gavin Poses-s10@2x.png */ = {isa = PBXFileReference; lastKnownFileType = image.png; path = "Gavin Poses-s10@2x.png"; sourceTree = "<group>"; };
		D335409B1A3764E80064C81C /* Gavin Poses-s10@3x.png */ = {isa = PBXFileReference; lastKnownFileType = image.png; path = "Gavin Poses-s10@3x.png"; sourceTree = "<group>"; };
		D3354FF41A2953E700C667A0 /* ImageWheelControl.swift */ = {isa = PBXFileReference; fileEncoding = 4; lastKnownFileType = sourcecode.swift; path = ImageWheelControl.swift; sourceTree = "<group>"; };
		D3354FF71A298AD100C667A0 /* wedgeRegion.swift */ = {isa = PBXFileReference; fileEncoding = 4; lastKnownFileType = sourcecode.swift; path = wedgeRegion.swift; sourceTree = "<group>"; };
		D33550051A299A4900C667A0 /* segment.png */ = {isa = PBXFileReference; lastKnownFileType = image.png; path = segment.png; sourceTree = "<group>"; };
		D3485C8319ECE77200C6E495 /* MyPlayground.playground */ = {isa = PBXFileReference; lastKnownFileType = file.playground; path = MyPlayground.playground; sourceTree = "<group>"; };
		D3485C8419ECEEB900C6E495 /* Timer.swift */ = {isa = PBXFileReference; fileEncoding = 4; lastKnownFileType = sourcecode.swift; path = Timer.swift; sourceTree = "<group>"; };
		D34DC0551A0FF26000AA7420 /* Settings.bundle */ = {isa = PBXFileReference; lastKnownFileType = "wrapper.plug-in"; path = Settings.bundle; sourceTree = "<group>"; };
		D3B7BC6A19EA383A00F50DF7 /* TeethTimer.app */ = {isa = PBXFileReference; explicitFileType = wrapper.application; includeInIndex = 0; path = TeethTimer.app; sourceTree = BUILT_PRODUCTS_DIR; };
		D3B7BC6E19EA383A00F50DF7 /* Info.plist */ = {isa = PBXFileReference; lastKnownFileType = text.plist.xml; path = Info.plist; sourceTree = "<group>"; };
		D3B7BC6F19EA383A00F50DF7 /* AppDelegate.swift */ = {isa = PBXFileReference; lastKnownFileType = sourcecode.swift; path = AppDelegate.swift; sourceTree = "<group>"; };
		D3B7BC7119EA383A00F50DF7 /* TimerViewController.swift */ = {isa = PBXFileReference; lastKnownFileType = sourcecode.swift; path = TimerViewController.swift; sourceTree = "<group>"; };
		D3B7BC7419EA383A00F50DF7 /* Base */ = {isa = PBXFileReference; lastKnownFileType = file.storyboard; name = Base; path = Base.lproj/Main.storyboard; sourceTree = "<group>"; };
		D3B7BC7919EA383A00F50DF7 /* Base */ = {isa = PBXFileReference; lastKnownFileType = file.xib; name = Base; path = Base.lproj/LaunchScreen.xib; sourceTree = "<group>"; };
		D3B7BC7F19EA383A00F50DF7 /* TeethTimerTests.xctest */ = {isa = PBXFileReference; explicitFileType = wrapper.cfbundle; includeInIndex = 0; path = TeethTimerTests.xctest; sourceTree = BUILT_PRODUCTS_DIR; };
		D3B7BC8419EA383A00F50DF7 /* Info.plist */ = {isa = PBXFileReference; lastKnownFileType = text.plist.xml; path = Info.plist; sourceTree = "<group>"; };
		D3B7BC8519EA383A00F50DF7 /* TeethTimerTests.swift */ = {isa = PBXFileReference; lastKnownFileType = sourcecode.swift; path = TeethTimerTests.swift; sourceTree = "<group>"; };
		D3D406F31A985FA700FDD117 /* ImageWheelControl+Images.swift */ = {isa = PBXFileReference; fileEncoding = 4; lastKnownFileType = sourcecode.swift; path = "ImageWheelControl+Images.swift"; sourceTree = "<group>"; };
		D3DC4C471A95877400984A24 /* ImageWheelVisualState.swift */ = {isa = PBXFileReference; fileEncoding = 4; lastKnownFileType = sourcecode.swift; path = ImageWheelVisualState.swift; sourceTree = "<group>"; };
/* End PBXFileReference section */

/* Begin PBXFrameworksBuildPhase section */
		D3B7BC6719EA383A00F50DF7 /* Frameworks */ = {
			isa = PBXFrameworksBuildPhase;
			buildActionMask = 2147483647;
			files = (
			);
			runOnlyForDeploymentPostprocessing = 0;
		};
		D3B7BC7C19EA383A00F50DF7 /* Frameworks */ = {
			isa = PBXFrameworksBuildPhase;
			buildActionMask = 2147483647;
			files = (
			);
			runOnlyForDeploymentPostprocessing = 0;
		};
/* End PBXFrameworksBuildPhase section */

/* Begin PBXGroup section */
		D30771981A869B10003BA7E1 /* Numbers */ = {
			isa = PBXGroup;
			children = (
				D307716C1A869B06003BA7E1 /* num-01@2x.png */,
				D307716D1A869B06003BA7E1 /* num-02@2x.png */,
				D307716E1A869B06003BA7E1 /* num-03@2x.png */,
				D307716F1A869B06003BA7E1 /* num-04@2x.png */,
				D30771701A869B06003BA7E1 /* num-05@2x.png */,
				D30771711A869B06003BA7E1 /* num-06@2x.png */,
				D30771721A869B06003BA7E1 /* num-07@2x.png */,
				D30771731A869B06003BA7E1 /* num-08@2x.png */,
				D30771741A869B06003BA7E1 /* num-09@2x.png */,
				D30771751A869B06003BA7E1 /* num-10@2x.png */,
				D30771761A869B06003BA7E1 /* num-11@2x.png */,
				D30771771A869B06003BA7E1 /* num-12@2x.png */,
				D30771781A869B06003BA7E1 /* num-13@2x.png */,
				D30771791A869B06003BA7E1 /* num-14@2x.png */,
				D307717A1A869B06003BA7E1 /* num-15@2x.png */,
				D307717B1A869B06003BA7E1 /* num-16@2x.png */,
				D307717C1A869B06003BA7E1 /* num-17@2x.png */,
				D307717D1A869B06003BA7E1 /* num-18@2x.png */,
				D307717E1A869B06003BA7E1 /* num-19@2x.png */,
				D307717F1A869B06003BA7E1 /* num-20@2x.png */,
				D30771801A869B06003BA7E1 /* num-21@2x.png */,
				D30771811A869B06003BA7E1 /* num-22@2x.png */,
			);
			name = Numbers;
			path = ..;
			sourceTree = "<group>";
		};
		D335407D1A3764E80064C81C /* GavinPoses */ = {
			isa = PBXGroup;
			children = (
				D335407E1A3764E80064C81C /* Gavin Poses-s01.png */,
				D335407F1A3764E80064C81C /* Gavin Poses-s01@2x.png */,
				D33540801A3764E80064C81C /* Gavin Poses-s01@3x.png */,
				D33540811A3764E80064C81C /* Gavin Poses-s02.png */,
				D33540821A3764E80064C81C /* Gavin Poses-s02@2x.png */,
				D33540831A3764E80064C81C /* Gavin Poses-s02@3x.png */,
				D33540841A3764E80064C81C /* Gavin Poses-s03.png */,
				D33540851A3764E80064C81C /* Gavin Poses-s03@2x.png */,
				D33540861A3764E80064C81C /* Gavin Poses-s03@3x.png */,
				D33540871A3764E80064C81C /* Gavin Poses-s04.png */,
				D33540881A3764E80064C81C /* Gavin Poses-s04@2x.png */,
				D33540891A3764E80064C81C /* Gavin Poses-s04@3x.png */,
				D335408A1A3764E80064C81C /* Gavin Poses-s05.png */,
				D335408B1A3764E80064C81C /* Gavin Poses-s05@2x.png */,
				D335408C1A3764E80064C81C /* Gavin Poses-s05@3x.png */,
				D335408D1A3764E80064C81C /* Gavin Poses-s06.png */,
				D335408E1A3764E80064C81C /* Gavin Poses-s06@2x.png */,
				D335408F1A3764E80064C81C /* Gavin Poses-s06@3x.png */,
				D33540901A3764E80064C81C /* Gavin Poses-s07.png */,
				D33540911A3764E80064C81C /* Gavin Poses-s07@2x.png */,
				D33540921A3764E80064C81C /* Gavin Poses-s07@3x.png */,
				D33540931A3764E80064C81C /* Gavin Poses-s08.png */,
				D33540941A3764E80064C81C /* Gavin Poses-s08@2x.png */,
				D33540951A3764E80064C81C /* Gavin Poses-s08@3x.png */,
				D33540961A3764E80064C81C /* Gavin Poses-s09.png */,
				D33540971A3764E80064C81C /* Gavin Poses-s09@2x.png */,
				D33540981A3764E80064C81C /* Gavin Poses-s09@3x.png */,
				D33540991A3764E80064C81C /* Gavin Poses-s10.png */,
				D335409A1A3764E80064C81C /* Gavin Poses-s10@2x.png */,
				D335409B1A3764E80064C81C /* Gavin Poses-s10@3x.png */,
			);
			path = GavinPoses;
			sourceTree = "<group>";
		};
		D3B7BC6119EA383A00F50DF7 = {
			isa = PBXGroup;
			children = (
				D3B7BC6C19EA383A00F50DF7 /* TeethTimer */,
				D3B7BC8219EA383A00F50DF7 /* TeethTimerTests */,
				D3B7BC6B19EA383A00F50DF7 /* Products */,
			);
			sourceTree = "<group>";
		};
		D3B7BC6B19EA383A00F50DF7 /* Products */ = {
			isa = PBXGroup;
			children = (
				D3B7BC6A19EA383A00F50DF7 /* TeethTimer.app */,
				D3B7BC7F19EA383A00F50DF7 /* TeethTimerTests.xctest */,
			);
			name = Products;
			sourceTree = "<group>";
		};
		D3B7BC6C19EA383A00F50DF7 /* TeethTimer */ = {
			isa = PBXGroup;
			children = (
				D3B7BC7319EA383A00F50DF7 /* Main.storyboard */,
				D3B7BC7819EA383A00F50DF7 /* LaunchScreen.xib */,
				D3B7BC6F19EA383A00F50DF7 /* AppDelegate.swift */,
				D3B7BC7119EA383A00F50DF7 /* TimerViewController.swift */,
				D3485C8419ECEEB900C6E495 /* Timer.swift */,
				D3354FF41A2953E700C667A0 /* ImageWheelControl.swift */,
				D307719C1A8873DB003BA7E1 /* ImageWheelInteractionState.swift */,
				D3DC4C471A95877400984A24 /* ImageWheelVisualState.swift */,
				D3D406F31A985FA700FDD117 /* ImageWheelControl+Images.swift */,
				D3354FF71A298AD100C667A0 /* wedgeRegion.swift */,
				D31F95E01A2C5FE700219B32 /* ColorImage.swift */,
				D30771991A88001B003BA7E1 /* BCYStandardLibrary.swift */,
				D3485C8319ECE77200C6E495 /* MyPlayground.playground */,
				D34DC0551A0FF26000AA7420 /* Settings.bundle */,
				D3B7BC6D19EA383A00F50DF7 /* Supporting Files */,
			);
			path = TeethTimer;
			sourceTree = "<group>";
		};
		D3B7BC6D19EA383A00F50DF7 /* Supporting Files */ = {
			isa = PBXGroup;
			children = (
				D335407D1A3764E80064C81C /* GavinPoses */,
				D30771981A869B10003BA7E1 /* Numbers */,
				D33550051A299A4900C667A0 /* segment.png */,
				D3B7BC6E19EA383A00F50DF7 /* Info.plist */,
			);
			name = "Supporting Files";
			sourceTree = "<group>";
		};
		D3B7BC8219EA383A00F50DF7 /* TeethTimerTests */ = {
			isa = PBXGroup;
			children = (
				D3B7BC8519EA383A00F50DF7 /* TeethTimerTests.swift */,
				D3B7BC8319EA383A00F50DF7 /* Supporting Files */,
			);
			path = TeethTimerTests;
			sourceTree = "<group>";
		};
		D3B7BC8319EA383A00F50DF7 /* Supporting Files */ = {
			isa = PBXGroup;
			children = (
				D3B7BC8419EA383A00F50DF7 /* Info.plist */,
			);
			name = "Supporting Files";
			sourceTree = "<group>";
		};
/* End PBXGroup section */

/* Begin PBXNativeTarget section */
		D3B7BC6919EA383A00F50DF7 /* TeethTimer */ = {
			isa = PBXNativeTarget;
			buildConfigurationList = D3B7BC8919EA383A00F50DF7 /* Build configuration list for PBXNativeTarget "TeethTimer" */;
			buildPhases = (
				D3B7BC6619EA383A00F50DF7 /* Sources */,
				D3B7BC6719EA383A00F50DF7 /* Frameworks */,
				D3B7BC6819EA383A00F50DF7 /* Resources */,
			);
			buildRules = (
			);
			dependencies = (
			);
			name = TeethTimer;
			productName = TeethTimer;
			productReference = D3B7BC6A19EA383A00F50DF7 /* TeethTimer.app */;
			productType = "com.apple.product-type.application";
		};
		D3B7BC7E19EA383A00F50DF7 /* TeethTimerTests */ = {
			isa = PBXNativeTarget;
			buildConfigurationList = D3B7BC8C19EA383A00F50DF7 /* Build configuration list for PBXNativeTarget "TeethTimerTests" */;
			buildPhases = (
				D3B7BC7B19EA383A00F50DF7 /* Sources */,
				D3B7BC7C19EA383A00F50DF7 /* Frameworks */,
				D3B7BC7D19EA383A00F50DF7 /* Resources */,
			);
			buildRules = (
			);
			dependencies = (
				D3B7BC8119EA383A00F50DF7 /* PBXTargetDependency */,
			);
			name = TeethTimerTests;
			productName = TeethTimerTests;
			productReference = D3B7BC7F19EA383A00F50DF7 /* TeethTimerTests.xctest */;
			productType = "com.apple.product-type.bundle.unit-test";
		};
/* End PBXNativeTarget section */

/* Begin PBXProject section */
		D3B7BC6219EA383A00F50DF7 /* Project object */ = {
			isa = PBXProject;
			attributes = {
				LastUpgradeCheck = 0600;
				ORGANIZATIONNAME = "Brian Young";
				TargetAttributes = {
					D3B7BC6919EA383A00F50DF7 = {
						CreatedOnToolsVersion = 6.0;
						DevelopmentTeam = YJ4PN236TF;
					};
					D3B7BC7E19EA383A00F50DF7 = {
						CreatedOnToolsVersion = 6.0;
						TestTargetID = D3B7BC6919EA383A00F50DF7;
					};
				};
			};
			buildConfigurationList = D3B7BC6519EA383A00F50DF7 /* Build configuration list for PBXProject "TeethTimer" */;
			compatibilityVersion = "Xcode 3.2";
			developmentRegion = English;
			hasScannedForEncodings = 0;
			knownRegions = (
				en,
				Base,
			);
			mainGroup = D3B7BC6119EA383A00F50DF7;
			productRefGroup = D3B7BC6B19EA383A00F50DF7 /* Products */;
			projectDirPath = "";
			projectRoot = "";
			targets = (
				D3B7BC6919EA383A00F50DF7 /* TeethTimer */,
				D3B7BC7E19EA383A00F50DF7 /* TeethTimerTests */,
			);
		};
/* End PBXProject section */

/* Begin PBXResourcesBuildPhase section */
		D3B7BC6819EA383A00F50DF7 /* Resources */ = {
			isa = PBXResourcesBuildPhase;
			buildActionMask = 2147483647;
			files = (
				D33540A01A3764E80064C81C /* Gavin Poses-s01@3x.png in Resources */,
				D33540B01A3764E80064C81C /* Gavin Poses-s04@2x.png in Resources */,
				D3B7BC7519EA383A00F50DF7 /* Main.storyboard in Resources */,
				D33540CE1A3764E80064C81C /* Gavin Poses-s09@2x.png in Resources */,
				D34DC0561A0FF26000AA7420 /* Settings.bundle in Resources */,
				D33540D41A3764E80064C81C /* Gavin Poses-s10@2x.png in Resources */,
				D33540C41A3764E80064C81C /* Gavin Poses-s07@3x.png in Resources */,
				D33540D21A3764E80064C81C /* Gavin Poses-s10.png in Resources */,
				D33540AE1A3764E80064C81C /* Gavin Poses-s04.png in Resources */,
				D33540B81A3764E80064C81C /* Gavin Poses-s05@3x.png in Resources */,
				D33540C61A3764E80064C81C /* Gavin Poses-s08.png in Resources */,
				D33540C01A3764E80064C81C /* Gavin Poses-s07.png in Resources */,
				D33540C81A3764E80064C81C /* Gavin Poses-s08@2x.png in Resources */,
				D3B7BC7A19EA383A00F50DF7 /* LaunchScreen.xib in Resources */,
				D33540D61A3764E80064C81C /* Gavin Poses-s10@3x.png in Resources */,
				D33540B41A3764E80064C81C /* Gavin Poses-s05.png in Resources */,
				D335501A1A299A4900C667A0 /* segment.png in Resources */,
				D33540BE1A3764E80064C81C /* Gavin Poses-s06@3x.png in Resources */,
				D33540B21A3764E80064C81C /* Gavin Poses-s04@3x.png in Resources */,
				D335409C1A3764E80064C81C /* Gavin Poses-s01.png in Resources */,
				D33540A41A3764E80064C81C /* Gavin Poses-s02@2x.png in Resources */,
				D33540A61A3764E80064C81C /* Gavin Poses-s02@3x.png in Resources */,
				D33540A81A3764E80064C81C /* Gavin Poses-s03.png in Resources */,
				D33540BC1A3764E80064C81C /* Gavin Poses-s06@2x.png in Resources */,
				D33540C21A3764E80064C81C /* Gavin Poses-s07@2x.png in Resources */,
				D33540B61A3764E80064C81C /* Gavin Poses-s05@2x.png in Resources */,
				D33540CC1A3764E80064C81C /* Gavin Poses-s09.png in Resources */,
				D33540AA1A3764E80064C81C /* Gavin Poses-s03@2x.png in Resources */,
				D33540AC1A3764E80064C81C /* Gavin Poses-s03@3x.png in Resources */,
				D33540D01A3764E80064C81C /* Gavin Poses-s09@3x.png in Resources */,
				D335409E1A3764E80064C81C /* Gavin Poses-s01@2x.png in Resources */,
				D33540A21A3764E80064C81C /* Gavin Poses-s02.png in Resources */,
				D33540BA1A3764E80064C81C /* Gavin Poses-s06.png in Resources */,
				D33540CA1A3764E80064C81C /* Gavin Poses-s08@3x.png in Resources */,
				D30771821A869B06003BA7E1 /* num-01@2x.png in Resources */,
				D30771831A869B06003BA7E1 /* num-02@2x.png in Resources */,
				D30771841A869B06003BA7E1 /* num-03@2x.png in Resources */,
				D30771851A869B06003BA7E1 /* num-04@2x.png in Resources */,
				D30771861A869B06003BA7E1 /* num-05@2x.png in Resources */,
				D30771871A869B06003BA7E1 /* num-06@2x.png in Resources */,
				D30771881A869B06003BA7E1 /* num-07@2x.png in Resources */,
				D30771891A869B06003BA7E1 /* num-08@2x.png in Resources */,
				D307718A1A869B06003BA7E1 /* num-09@2x.png in Resources */,
				D307718B1A869B06003BA7E1 /* num-10@2x.png in Resources */,
				D307718C1A869B06003BA7E1 /* num-11@2x.png in Resources */,
				D307718D1A869B06003BA7E1 /* num-12@2x.png in Resources */,
				D307718E1A869B06003BA7E1 /* num-13@2x.png in Resources */,
				D307718F1A869B06003BA7E1 /* num-14@2x.png in Resources */,
				D30771901A869B06003BA7E1 /* num-15@2x.png in Resources */,
				D30771911A869B06003BA7E1 /* num-16@2x.png in Resources */,
				D30771921A869B06003BA7E1 /* num-17@2x.png in Resources */,
				D30771931A869B06003BA7E1 /* num-18@2x.png in Resources */,
				D30771941A869B06003BA7E1 /* num-19@2x.png in Resources */,
				D30771951A869B06003BA7E1 /* num-20@2x.png in Resources */,
				D30771961A869B06003BA7E1 /* num-21@2x.png in Resources */,
				D30771971A869B06003BA7E1 /* num-22@2x.png in Resources */,
			);
			runOnlyForDeploymentPostprocessing = 0;
		};
		D3B7BC7D19EA383A00F50DF7 /* Resources */ = {
			isa = PBXResourcesBuildPhase;
			buildActionMask = 2147483647;
			files = (
				D33540C11A3764E80064C81C /* Gavin Poses-s07.png in Resources */,
				D33540D11A3764E80064C81C /* Gavin Poses-s09@3x.png in Resources */,
				D33540C31A3764E80064C81C /* Gavin Poses-s07@2x.png in Resources */,
				D33540B51A3764E80064C81C /* Gavin Poses-s05.png in Resources */,
				D335409D1A3764E80064C81C /* Gavin Poses-s01.png in Resources */,
				D33540AB1A3764E80064C81C /* Gavin Poses-s03@2x.png in Resources */,
				D34DC0571A0FF26000AA7420 /* Settings.bundle in Resources */,
				D33540CD1A3764E80064C81C /* Gavin Poses-s09.png in Resources */,
				D33540C51A3764E80064C81C /* Gavin Poses-s07@3x.png in Resources */,
				D33540B31A3764E80064C81C /* Gavin Poses-s04@3x.png in Resources */,
				D33540B91A3764E80064C81C /* Gavin Poses-s05@3x.png in Resources */,
				D33540C91A3764E80064C81C /* Gavin Poses-s08@2x.png in Resources */,
				D33540A51A3764E80064C81C /* Gavin Poses-s02@2x.png in Resources */,
				D33540A11A3764E80064C81C /* Gavin Poses-s01@3x.png in Resources */,
				D33540B71A3764E80064C81C /* Gavin Poses-s05@2x.png in Resources */,
				D33540BF1A3764E80064C81C /* Gavin Poses-s06@3x.png in Resources */,
				D33540CF1A3764E80064C81C /* Gavin Poses-s09@2x.png in Resources */,
				D33540A31A3764E80064C81C /* Gavin Poses-s02.png in Resources */,
				D33540D31A3764E80064C81C /* Gavin Poses-s10.png in Resources */,
				D33540B11A3764E80064C81C /* Gavin Poses-s04@2x.png in Resources */,
				D33540D71A3764E80064C81C /* Gavin Poses-s10@3x.png in Resources */,
				D33540AD1A3764E80064C81C /* Gavin Poses-s03@3x.png in Resources */,
				D33540D51A3764E80064C81C /* Gavin Poses-s10@2x.png in Resources */,
				D33540A71A3764E80064C81C /* Gavin Poses-s02@3x.png in Resources */,
				D33540A91A3764E80064C81C /* Gavin Poses-s03.png in Resources */,
				D33540CB1A3764E80064C81C /* Gavin Poses-s08@3x.png in Resources */,
				D33540AF1A3764E80064C81C /* Gavin Poses-s04.png in Resources */,
				D33540BB1A3764E80064C81C /* Gavin Poses-s06.png in Resources */,
				D335501B1A299A4900C667A0 /* segment.png in Resources */,
				D33540C71A3764E80064C81C /* Gavin Poses-s08.png in Resources */,
				D335409F1A3764E80064C81C /* Gavin Poses-s01@2x.png in Resources */,
				D33540BD1A3764E80064C81C /* Gavin Poses-s06@2x.png in Resources */,
			);
			runOnlyForDeploymentPostprocessing = 0;
		};
/* End PBXResourcesBuildPhase section */

/* Begin PBXSourcesBuildPhase section */
		D3B7BC6619EA383A00F50DF7 /* Sources */ = {
			isa = PBXSourcesBuildPhase;
			buildActionMask = 2147483647;
			files = (
				D307719D1A8873DB003BA7E1 /* ImageWheelInteractionState.swift in Sources */,
				D3B7BC7219EA383A00F50DF7 /* TimerViewController.swift in Sources */,
				D307719A1A88001B003BA7E1 /* BCYStandardLibrary.swift in Sources */,
				D3B7BC7019EA383A00F50DF7 /* AppDelegate.swift in Sources */,
				D3DC4C481A95877400984A24 /* ImageWheelVisualState.swift in Sources */,
				D3354FF81A298AD100C667A0 /* wedgeRegion.swift in Sources */,
				D3485C8519ECEEB900C6E495 /* Timer.swift in Sources */,
				D31F95E11A2C5FE700219B32 /* ColorImage.swift in Sources */,
				D3354FF51A2953E700C667A0 /* ImageWheelControl.swift in Sources */,
				D3D406F41A985FA700FDD117 /* ImageWheelControl+Images.swift in Sources */,
			);
			runOnlyForDeploymentPostprocessing = 0;
		};
		D3B7BC7B19EA383A00F50DF7 /* Sources */ = {
			isa = PBXSourcesBuildPhase;
			buildActionMask = 2147483647;
			files = (
				D3354FF91A298AD100C667A0 /* wedgeRegion.swift in Sources */,
				D31F95E21A2C5FE700219B32 /* ColorImage.swift in Sources */,
				D307719E1A8873DB003BA7E1 /* ImageWheelInteractionState.swift in Sources */,
				D3B7BC8619EA383A00F50DF7 /* TeethTimerTests.swift in Sources */,
				D3354FF61A2953E700C667A0 /* ImageWheelControl.swift in Sources */,
				D3DC4C491A95877400984A24 /* ImageWheelVisualState.swift in Sources */,
				D307719B1A88001B003BA7E1 /* BCYStandardLibrary.swift in Sources */,
			);
			runOnlyForDeploymentPostprocessing = 0;
		};
/* End PBXSourcesBuildPhase section */

/* Begin PBXTargetDependency section */
		D3B7BC8119EA383A00F50DF7 /* PBXTargetDependency */ = {
			isa = PBXTargetDependency;
			target = D3B7BC6919EA383A00F50DF7 /* TeethTimer */;
			targetProxy = D3B7BC8019EA383A00F50DF7 /* PBXContainerItemProxy */;
		};
/* End PBXTargetDependency section */

/* Begin PBXVariantGroup section */
		D3B7BC7319EA383A00F50DF7 /* Main.storyboard */ = {
			isa = PBXVariantGroup;
			children = (
				D3B7BC7419EA383A00F50DF7 /* Base */,
			);
			name = Main.storyboard;
			sourceTree = "<group>";
		};
		D3B7BC7819EA383A00F50DF7 /* LaunchScreen.xib */ = {
			isa = PBXVariantGroup;
			children = (
				D3B7BC7919EA383A00F50DF7 /* Base */,
			);
			name = LaunchScreen.xib;
			sourceTree = "<group>";
		};
/* End PBXVariantGroup section */

/* Begin XCBuildConfiguration section */
		D3B7BC8719EA383A00F50DF7 /* Debug */ = {
			isa = XCBuildConfiguration;
			buildSettings = {
				ALWAYS_SEARCH_USER_PATHS = NO;
				CLANG_CXX_LANGUAGE_STANDARD = "gnu++0x";
				CLANG_CXX_LIBRARY = "libc++";
				CLANG_ENABLE_MODULES = YES;
				CLANG_ENABLE_OBJC_ARC = YES;
				CLANG_WARN_BOOL_CONVERSION = YES;
				CLANG_WARN_CONSTANT_CONVERSION = YES;
				CLANG_WARN_DIRECT_OBJC_ISA_USAGE = YES_ERROR;
				CLANG_WARN_EMPTY_BODY = YES;
				CLANG_WARN_ENUM_CONVERSION = YES;
				CLANG_WARN_INT_CONVERSION = YES;
				CLANG_WARN_OBJC_ROOT_CLASS = YES_ERROR;
				CLANG_WARN_UNREACHABLE_CODE = YES;
				CLANG_WARN__DUPLICATE_METHOD_MATCH = YES;
				"CODE_SIGN_IDENTITY[sdk=iphoneos*]" = "iPhone Developer";
				COPY_PHASE_STRIP = NO;
				ENABLE_STRICT_OBJC_MSGSEND = YES;
				GCC_C_LANGUAGE_STANDARD = gnu99;
				GCC_DYNAMIC_NO_PIC = NO;
				GCC_OPTIMIZATION_LEVEL = 0;
				GCC_PREPROCESSOR_DEFINITIONS = (
					"DEBUG=1",
					"$(inherited)",
				);
				GCC_SYMBOLS_PRIVATE_EXTERN = NO;
				GCC_WARN_64_TO_32_BIT_CONVERSION = YES;
				GCC_WARN_ABOUT_RETURN_TYPE = YES_ERROR;
				GCC_WARN_UNDECLARED_SELECTOR = YES;
				GCC_WARN_UNINITIALIZED_AUTOS = YES_AGGRESSIVE;
				GCC_WARN_UNUSED_FUNCTION = YES;
				GCC_WARN_UNUSED_VARIABLE = YES;
				IPHONEOS_DEPLOYMENT_TARGET = 8.0;
				MTL_ENABLE_DEBUG_INFO = YES;
				ONLY_ACTIVE_ARCH = YES;
				SDKROOT = iphoneos;
				SWIFT_OPTIMIZATION_LEVEL = "-Onone";
				TARGETED_DEVICE_FAMILY = "1,2";
			};
			name = Debug;
		};
		D3B7BC8819EA383A00F50DF7 /* Release */ = {
			isa = XCBuildConfiguration;
			buildSettings = {
				ALWAYS_SEARCH_USER_PATHS = NO;
				CLANG_CXX_LANGUAGE_STANDARD = "gnu++0x";
				CLANG_CXX_LIBRARY = "libc++";
				CLANG_ENABLE_MODULES = YES;
				CLANG_ENABLE_OBJC_ARC = YES;
				CLANG_WARN_BOOL_CONVERSION = YES;
				CLANG_WARN_CONSTANT_CONVERSION = YES;
				CLANG_WARN_DIRECT_OBJC_ISA_USAGE = YES_ERROR;
				CLANG_WARN_EMPTY_BODY = YES;
				CLANG_WARN_ENUM_CONVERSION = YES;
				CLANG_WARN_INT_CONVERSION = YES;
				CLANG_WARN_OBJC_ROOT_CLASS = YES_ERROR;
				CLANG_WARN_UNREACHABLE_CODE = YES;
				CLANG_WARN__DUPLICATE_METHOD_MATCH = YES;
				"CODE_SIGN_IDENTITY[sdk=iphoneos*]" = "iPhone Developer";
				COPY_PHASE_STRIP = YES;
				ENABLE_NS_ASSERTIONS = NO;
				ENABLE_STRICT_OBJC_MSGSEND = YES;
				GCC_C_LANGUAGE_STANDARD = gnu99;
				GCC_WARN_64_TO_32_BIT_CONVERSION = YES;
				GCC_WARN_ABOUT_RETURN_TYPE = YES_ERROR;
				GCC_WARN_UNDECLARED_SELECTOR = YES;
				GCC_WARN_UNINITIALIZED_AUTOS = YES_AGGRESSIVE;
				GCC_WARN_UNUSED_FUNCTION = YES;
				GCC_WARN_UNUSED_VARIABLE = YES;
				IPHONEOS_DEPLOYMENT_TARGET = 8.0;
				MTL_ENABLE_DEBUG_INFO = NO;
				SDKROOT = iphoneos;
				TARGETED_DEVICE_FAMILY = "1,2";
				VALIDATE_PRODUCT = YES;
			};
			name = Release;
		};
		D3B7BC8A19EA383A00F50DF7 /* Debug */ = {
			isa = XCBuildConfiguration;
			buildSettings = {
				ASSETCATALOG_COMPILER_APPICON_NAME = AppIcon;
				CODE_SIGN_IDENTITY = "iPhone Developer";
				"CODE_SIGN_IDENTITY[sdk=iphoneos*]" = "iPhone Developer";
				INFOPLIST_FILE = TeethTimer/Info.plist;
				IPHONEOS_DEPLOYMENT_TARGET = 7.1;
				LD_RUNPATH_SEARCH_PATHS = "$(inherited) @executable_path/Frameworks";
				PRODUCT_NAME = "$(TARGET_NAME)";
				PROVISIONING_PROFILE = "";
				TARGETED_DEVICE_FAMILY = "1,2";
			};
			name = Debug;
		};
		D3B7BC8B19EA383A00F50DF7 /* Release */ = {
			isa = XCBuildConfiguration;
			buildSettings = {
				ASSETCATALOG_COMPILER_APPICON_NAME = AppIcon;
				CODE_SIGN_IDENTITY = "iPhone Developer";
				"CODE_SIGN_IDENTITY[sdk=iphoneos*]" = "iPhone Developer";
				INFOPLIST_FILE = TeethTimer/Info.plist;
				IPHONEOS_DEPLOYMENT_TARGET = 7.1;
				LD_RUNPATH_SEARCH_PATHS = "$(inherited) @executable_path/Frameworks";
				PRODUCT_NAME = "$(TARGET_NAME)";
				PROVISIONING_PROFILE = "";
				TARGETED_DEVICE_FAMILY = "1,2";
			};
			name = Release;
		};
		D3B7BC8D19EA383A00F50DF7 /* Debug */ = {
			isa = XCBuildConfiguration;
			buildSettings = {
				BUNDLE_LOADER = "$(TEST_HOST)";
				FRAMEWORK_SEARCH_PATHS = (
					"$(SDKROOT)/Developer/Library/Frameworks",
					"$(inherited)",
				);
				GCC_PREPROCESSOR_DEFINITIONS = (
					"DEBUG=1",
					"$(inherited)",
				);
				INFOPLIST_FILE = TeethTimerTests/Info.plist;
				LD_RUNPATH_SEARCH_PATHS = "$(inherited) @executable_path/Frameworks @loader_path/Frameworks";
				PRODUCT_NAME = "$(TARGET_NAME)";
				TEST_HOST = "$(BUILT_PRODUCTS_DIR)/TeethTimer.app/TeethTimer";
			};
			name = Debug;
		};
		D3B7BC8E19EA383A00F50DF7 /* Release */ = {
			isa = XCBuildConfiguration;
			buildSettings = {
				BUNDLE_LOADER = "$(TEST_HOST)";
				FRAMEWORK_SEARCH_PATHS = (
					"$(SDKROOT)/Developer/Library/Frameworks",
					"$(inherited)",
				);
				INFOPLIST_FILE = TeethTimerTests/Info.plist;
				LD_RUNPATH_SEARCH_PATHS = "$(inherited) @executable_path/Frameworks @loader_path/Frameworks";
				PRODUCT_NAME = "$(TARGET_NAME)";
				TEST_HOST = "$(BUILT_PRODUCTS_DIR)/TeethTimer.app/TeethTimer";
			};
			name = Release;
		};
/* End XCBuildConfiguration section */

/* Begin XCConfigurationList section */
		D3B7BC6519EA383A00F50DF7 /* Build configuration list for PBXProject "TeethTimer" */ = {
			isa = XCConfigurationList;
			buildConfigurations = (
				D3B7BC8719EA383A00F50DF7 /* Debug */,
				D3B7BC8819EA383A00F50DF7 /* Release */,
			);
			defaultConfigurationIsVisible = 0;
			defaultConfigurationName = Release;
		};
		D3B7BC8919EA383A00F50DF7 /* Build configuration list for PBXNativeTarget "TeethTimer" */ = {
			isa = XCConfigurationList;
			buildConfigurations = (
				D3B7BC8A19EA383A00F50DF7 /* Debug */,
				D3B7BC8B19EA383A00F50DF7 /* Release */,
			);
			defaultConfigurationIsVisible = 0;
			defaultConfigurationName = Release;
		};
		D3B7BC8C19EA383A00F50DF7 /* Build configuration list for PBXNativeTarget "TeethTimerTests" */ = {
			isa = XCConfigurationList;
			buildConfigurations = (
				D3B7BC8D19EA383A00F50DF7 /* Debug */,
				D3B7BC8E19EA383A00F50DF7 /* Release */,
			);
			defaultConfigurationIsVisible = 0;
			defaultConfigurationName = Release;
		};
/* End XCConfigurationList section */
	};
	rootObject = D3B7BC6219EA383A00F50DF7 /* Project object */;
}
